
Microsoft Visual Studio Solution File, Format Version 12.00
# Visual Studio 14
VisualStudioVersion = 14.0.25420.1
MinimumVisualStudioVersion = 10.0.40219.1
Project("{FAE04EC0-301F-11D3-BF4B-00C04F79EFBC}") = "Backend", "Backend\Backend.csproj", "{3AA24452-3E9B-49D4-918A-3851C8A30A5F}"
EndProject
Project("{FAE04EC0-301F-11D3-BF4B-00C04F79EFBC}") = "TaskList", "TaskList\TaskList\TaskList.csproj", "{165165BA-F435-4A0F-A357-779701A96A55}"
EndProject
Project("{FAE04EC0-301F-11D3-BF4B-00C04F79EFBC}") = "TaskList.Droid", "TaskList\TaskList.Droid\TaskList.Droid.csproj", "{7F5B6CDB-C7F5-4939-ABD4-1FF5AB70A733}"
EndProject
Project("{FAE04EC0-301F-11D3-BF4B-00C04F79EFBC}") = "TaskList.iOS", "TaskList\TaskList.iOS\TaskList.iOS.csproj", "{9F49C453-7659-465C-ABA2-3D1D11002234}"
EndProject
Project("{FAE04EC0-301F-11D3-BF4B-00C04F79EFBC}") = "TaskList.UWP", "TaskList\TaskList.UWP\TaskList.UWP.csproj", "{1DE6430A-011C-45BC-9316-B27CD9E62B6C}"
EndProject
Global
	GlobalSection(SolutionConfigurationPlatforms) = preSolution
		Ad-Hoc|Any CPU = Ad-Hoc|Any CPU
		Ad-Hoc|ARM = Ad-Hoc|ARM
		Ad-Hoc|iPhone = Ad-Hoc|iPhone
		Ad-Hoc|iPhoneSimulator = Ad-Hoc|iPhoneSimulator
		Ad-Hoc|x64 = Ad-Hoc|x64
		Ad-Hoc|x86 = Ad-Hoc|x86
		AppStore|Any CPU = AppStore|Any CPU
		AppStore|ARM = AppStore|ARM
		AppStore|iPhone = AppStore|iPhone
		AppStore|iPhoneSimulator = AppStore|iPhoneSimulator
		AppStore|x64 = AppStore|x64
		AppStore|x86 = AppStore|x86
		Debug|Any CPU = Debug|Any CPU
		Debug|ARM = Debug|ARM
		Debug|iPhone = Debug|iPhone
		Debug|iPhoneSimulator = Debug|iPhoneSimulator
		Debug|x64 = Debug|x64
		Debug|x86 = Debug|x86
		Release|Any CPU = Release|Any CPU
		Release|ARM = Release|ARM
		Release|iPhone = Release|iPhone
		Release|iPhoneSimulator = Release|iPhoneSimulator
		Release|x64 = Release|x64
		Release|x86 = Release|x86
	EndGlobalSection
	GlobalSection(ProjectConfigurationPlatforms) = postSolution
		{3AA24452-3E9B-49D4-918A-3851C8A30A5F}.Ad-Hoc|Any CPU.ActiveCfg = Release|Any CPU
		{3AA24452-3E9B-49D4-918A-3851C8A30A5F}.Ad-Hoc|Any CPU.Build.0 = Release|Any CPU
		{3AA24452-3E9B-49D4-918A-3851C8A30A5F}.Ad-Hoc|ARM.ActiveCfg = Release|Any CPU
		{3AA24452-3E9B-49D4-918A-3851C8A30A5F}.Ad-Hoc|ARM.Build.0 = Release|Any CPU
		{3AA24452-3E9B-49D4-918A-3851C8A30A5F}.Ad-Hoc|iPhone.ActiveCfg = Release|Any CPU
		{3AA24452-3E9B-49D4-918A-3851C8A30A5F}.Ad-Hoc|iPhone.Build.0 = Release|Any CPU
		{3AA24452-3E9B-49D4-918A-3851C8A30A5F}.Ad-Hoc|iPhoneSimulator.ActiveCfg = Release|Any CPU
		{3AA24452-3E9B-49D4-918A-3851C8A30A5F}.Ad-Hoc|iPhoneSimulator.Build.0 = Release|Any CPU
		{3AA24452-3E9B-49D4-918A-3851C8A30A5F}.Ad-Hoc|x64.ActiveCfg = Release|Any CPU
		{3AA24452-3E9B-49D4-918A-3851C8A30A5F}.Ad-Hoc|x64.Build.0 = Release|Any CPU
		{3AA24452-3E9B-49D4-918A-3851C8A30A5F}.Ad-Hoc|x86.ActiveCfg = Release|Any CPU
		{3AA24452-3E9B-49D4-918A-3851C8A30A5F}.Ad-Hoc|x86.Build.0 = Release|Any CPU
		{3AA24452-3E9B-49D4-918A-3851C8A30A5F}.AppStore|Any CPU.ActiveCfg = Release|Any CPU
		{3AA24452-3E9B-49D4-918A-3851C8A30A5F}.AppStore|Any CPU.Build.0 = Release|Any CPU
		{3AA24452-3E9B-49D4-918A-3851C8A30A5F}.AppStore|ARM.ActiveCfg = Release|Any CPU
		{3AA24452-3E9B-49D4-918A-3851C8A30A5F}.AppStore|ARM.Build.0 = Release|Any CPU
		{3AA24452-3E9B-49D4-918A-3851C8A30A5F}.AppStore|iPhone.ActiveCfg = Release|Any CPU
		{3AA24452-3E9B-49D4-918A-3851C8A30A5F}.AppStore|iPhone.Build.0 = Release|Any CPU
		{3AA24452-3E9B-49D4-918A-3851C8A30A5F}.AppStore|iPhoneSimulator.ActiveCfg = Release|Any CPU
		{3AA24452-3E9B-49D4-918A-3851C8A30A5F}.AppStore|iPhoneSimulator.Build.0 = Release|Any CPU
		{3AA24452-3E9B-49D4-918A-3851C8A30A5F}.AppStore|x64.ActiveCfg = Release|Any CPU
		{3AA24452-3E9B-49D4-918A-3851C8A30A5F}.AppStore|x64.Build.0 = Release|Any CPU
		{3AA24452-3E9B-49D4-918A-3851C8A30A5F}.AppStore|x86.ActiveCfg = Release|Any CPU
		{3AA24452-3E9B-49D4-918A-3851C8A30A5F}.AppStore|x86.Build.0 = Release|Any CPU
		{3AA24452-3E9B-49D4-918A-3851C8A30A5F}.Debug|Any CPU.ActiveCfg = Debug|Any CPU
		{3AA24452-3E9B-49D4-918A-3851C8A30A5F}.Debug|Any CPU.Build.0 = Debug|Any CPU
		{3AA24452-3E9B-49D4-918A-3851C8A30A5F}.Debug|ARM.ActiveCfg = Debug|Any CPU
		{3AA24452-3E9B-49D4-918A-3851C8A30A5F}.Debug|iPhone.ActiveCfg = Debug|Any CPU
		{3AA24452-3E9B-49D4-918A-3851C8A30A5F}.Debug|iPhoneSimulator.ActiveCfg = Debug|Any CPU
		{3AA24452-3E9B-49D4-918A-3851C8A30A5F}.Debug|x64.ActiveCfg = Debug|Any CPU
		{3AA24452-3E9B-49D4-918A-3851C8A30A5F}.Debug|x64.Build.0 = Debug|Any CPU
		{3AA24452-3E9B-49D4-918A-3851C8A30A5F}.Debug|x86.ActiveCfg = Debug|Any CPU
		{3AA24452-3E9B-49D4-918A-3851C8A30A5F}.Release|Any CPU.ActiveCfg = Release|Any CPU
		{3AA24452-3E9B-49D4-918A-3851C8A30A5F}.Release|Any CPU.Build.0 = Release|Any CPU
		{3AA24452-3E9B-49D4-918A-3851C8A30A5F}.Release|ARM.ActiveCfg = Release|Any CPU
		{3AA24452-3E9B-49D4-918A-3851C8A30A5F}.Release|ARM.Build.0 = Release|Any CPU
		{3AA24452-3E9B-49D4-918A-3851C8A30A5F}.Release|iPhone.ActiveCfg = Release|Any CPU
		{3AA24452-3E9B-49D4-918A-3851C8A30A5F}.Release|iPhone.Build.0 = Release|Any CPU
		{3AA24452-3E9B-49D4-918A-3851C8A30A5F}.Release|iPhoneSimulator.ActiveCfg = Release|Any CPU
		{3AA24452-3E9B-49D4-918A-3851C8A30A5F}.Release|iPhoneSimulator.Build.0 = Release|Any CPU
		{3AA24452-3E9B-49D4-918A-3851C8A30A5F}.Release|x64.ActiveCfg = Release|Any CPU
		{3AA24452-3E9B-49D4-918A-3851C8A30A5F}.Release|x64.Build.0 = Release|Any CPU
		{3AA24452-3E9B-49D4-918A-3851C8A30A5F}.Release|x86.ActiveCfg = Release|Any CPU
		{3AA24452-3E9B-49D4-918A-3851C8A30A5F}.Release|x86.Build.0 = Release|Any CPU
		{165165BA-F435-4A0F-A357-779701A96A55}.Ad-Hoc|Any CPU.ActiveCfg = Release|Any CPU
		{165165BA-F435-4A0F-A357-779701A96A55}.Ad-Hoc|Any CPU.Build.0 = Release|Any CPU
		{165165BA-F435-4A0F-A357-779701A96A55}.Ad-Hoc|ARM.ActiveCfg = Release|Any CPU
		{165165BA-F435-4A0F-A357-779701A96A55}.Ad-Hoc|ARM.Build.0 = Release|Any CPU
		{165165BA-F435-4A0F-A357-779701A96A55}.Ad-Hoc|iPhone.ActiveCfg = Release|Any CPU
		{165165BA-F435-4A0F-A357-779701A96A55}.Ad-Hoc|iPhone.Build.0 = Release|Any CPU
		{165165BA-F435-4A0F-A357-779701A96A55}.Ad-Hoc|iPhoneSimulator.ActiveCfg = Release|Any CPU
		{165165BA-F435-4A0F-A357-779701A96A55}.Ad-Hoc|iPhoneSimulator.Build.0 = Release|Any CPU
		{165165BA-F435-4A0F-A357-779701A96A55}.Ad-Hoc|x64.ActiveCfg = Release|Any CPU
		{165165BA-F435-4A0F-A357-779701A96A55}.Ad-Hoc|x64.Build.0 = Release|Any CPU
		{165165BA-F435-4A0F-A357-779701A96A55}.Ad-Hoc|x86.ActiveCfg = Release|Any CPU
		{165165BA-F435-4A0F-A357-779701A96A55}.Ad-Hoc|x86.Build.0 = Release|Any CPU
		{165165BA-F435-4A0F-A357-779701A96A55}.AppStore|Any CPU.ActiveCfg = Release|Any CPU
		{165165BA-F435-4A0F-A357-779701A96A55}.AppStore|Any CPU.Build.0 = Release|Any CPU
		{165165BA-F435-4A0F-A357-779701A96A55}.AppStore|ARM.ActiveCfg = Release|Any CPU
		{165165BA-F435-4A0F-A357-779701A96A55}.AppStore|ARM.Build.0 = Release|Any CPU
		{165165BA-F435-4A0F-A357-779701A96A55}.AppStore|iPhone.ActiveCfg = Release|Any CPU
		{165165BA-F435-4A0F-A357-779701A96A55}.AppStore|iPhone.Build.0 = Release|Any CPU
		{165165BA-F435-4A0F-A357-779701A96A55}.AppStore|iPhoneSimulator.ActiveCfg = Release|Any CPU
		{165165BA-F435-4A0F-A357-779701A96A55}.AppStore|iPhoneSimulator.Build.0 = Release|Any CPU
		{165165BA-F435-4A0F-A357-779701A96A55}.AppStore|x64.ActiveCfg = Release|Any CPU
		{165165BA-F435-4A0F-A357-779701A96A55}.AppStore|x64.Build.0 = Release|Any CPU
		{165165BA-F435-4A0F-A357-779701A96A55}.AppStore|x86.ActiveCfg = Release|Any CPU
		{165165BA-F435-4A0F-A357-779701A96A55}.AppStore|x86.Build.0 = Release|Any CPU
		{165165BA-F435-4A0F-A357-779701A96A55}.Debug|Any CPU.ActiveCfg = Debug|Any CPU
		{165165BA-F435-4A0F-A357-779701A96A55}.Debug|Any CPU.Build.0 = Debug|Any CPU
		{165165BA-F435-4A0F-A357-779701A96A55}.Debug|ARM.ActiveCfg = Debug|Any CPU
		{165165BA-F435-4A0F-A357-779701A96A55}.Debug|ARM.Build.0 = Debug|Any CPU
		{165165BA-F435-4A0F-A357-779701A96A55}.Debug|iPhone.ActiveCfg = Debug|Any CPU
		{165165BA-F435-4A0F-A357-779701A96A55}.Debug|iPhone.Build.0 = Debug|Any CPU
		{165165BA-F435-4A0F-A357-779701A96A55}.Debug|iPhoneSimulator.ActiveCfg = Debug|Any CPU
		{165165BA-F435-4A0F-A357-779701A96A55}.Debug|iPhoneSimulator.Build.0 = Debug|Any CPU
		{165165BA-F435-4A0F-A357-779701A96A55}.Debug|x64.ActiveCfg = Debug|Any CPU
		{165165BA-F435-4A0F-A357-779701A96A55}.Debug|x64.Build.0 = Debug|Any CPU
		{165165BA-F435-4A0F-A357-779701A96A55}.Debug|x86.ActiveCfg = Debug|Any CPU
		{165165BA-F435-4A0F-A357-779701A96A55}.Debug|x86.Build.0 = Debug|Any CPU
		{165165BA-F435-4A0F-A357-779701A96A55}.Release|Any CPU.ActiveCfg = Release|Any CPU
		{165165BA-F435-4A0F-A357-779701A96A55}.Release|Any CPU.Build.0 = Release|Any CPU
		{165165BA-F435-4A0F-A357-779701A96A55}.Release|ARM.ActiveCfg = Release|Any CPU
		{165165BA-F435-4A0F-A357-779701A96A55}.Release|ARM.Build.0 = Release|Any CPU
		{165165BA-F435-4A0F-A357-779701A96A55}.Release|iPhone.ActiveCfg = Release|Any CPU
		{165165BA-F435-4A0F-A357-779701A96A55}.Release|iPhone.Build.0 = Release|Any CPU
		{165165BA-F435-4A0F-A357-779701A96A55}.Release|iPhoneSimulator.ActiveCfg = Release|Any CPU
		{165165BA-F435-4A0F-A357-779701A96A55}.Release|iPhoneSimulator.Build.0 = Release|Any CPU
		{165165BA-F435-4A0F-A357-779701A96A55}.Release|x64.ActiveCfg = Release|Any CPU
		{165165BA-F435-4A0F-A357-779701A96A55}.Release|x64.Build.0 = Release|Any CPU
		{165165BA-F435-4A0F-A357-779701A96A55}.Release|x86.ActiveCfg = Release|Any CPU
		{165165BA-F435-4A0F-A357-779701A96A55}.Release|x86.Build.0 = Release|Any CPU
		{7F5B6CDB-C7F5-4939-ABD4-1FF5AB70A733}.Ad-Hoc|Any CPU.ActiveCfg = Release|Any CPU
		{7F5B6CDB-C7F5-4939-ABD4-1FF5AB70A733}.Ad-Hoc|Any CPU.Build.0 = Release|Any CPU
		{7F5B6CDB-C7F5-4939-ABD4-1FF5AB70A733}.Ad-Hoc|Any CPU.Deploy.0 = Release|Any CPU
		{7F5B6CDB-C7F5-4939-ABD4-1FF5AB70A733}.Ad-Hoc|ARM.ActiveCfg = Release|Any CPU
		{7F5B6CDB-C7F5-4939-ABD4-1FF5AB70A733}.Ad-Hoc|ARM.Build.0 = Release|Any CPU
		{7F5B6CDB-C7F5-4939-ABD4-1FF5AB70A733}.Ad-Hoc|ARM.Deploy.0 = Release|Any CPU
		{7F5B6CDB-C7F5-4939-ABD4-1FF5AB70A733}.Ad-Hoc|iPhone.ActiveCfg = Release|Any CPU
		{7F5B6CDB-C7F5-4939-ABD4-1FF5AB70A733}.Ad-Hoc|iPhone.Build.0 = Release|Any CPU
		{7F5B6CDB-C7F5-4939-ABD4-1FF5AB70A733}.Ad-Hoc|iPhone.Deploy.0 = Release|Any CPU
		{7F5B6CDB-C7F5-4939-ABD4-1FF5AB70A733}.Ad-Hoc|iPhoneSimulator.ActiveCfg = Release|Any CPU
		{7F5B6CDB-C7F5-4939-ABD4-1FF5AB70A733}.Ad-Hoc|iPhoneSimulator.Build.0 = Release|Any CPU
		{7F5B6CDB-C7F5-4939-ABD4-1FF5AB70A733}.Ad-Hoc|iPhoneSimulator.Deploy.0 = Release|Any CPU
		{7F5B6CDB-C7F5-4939-ABD4-1FF5AB70A733}.Ad-Hoc|x64.ActiveCfg = Release|Any CPU
		{7F5B6CDB-C7F5-4939-ABD4-1FF5AB70A733}.Ad-Hoc|x64.Build.0 = Release|Any CPU
		{7F5B6CDB-C7F5-4939-ABD4-1FF5AB70A733}.Ad-Hoc|x64.Deploy.0 = Release|Any CPU
		{7F5B6CDB-C7F5-4939-ABD4-1FF5AB70A733}.Ad-Hoc|x86.ActiveCfg = Release|Any CPU
		{7F5B6CDB-C7F5-4939-ABD4-1FF5AB70A733}.Ad-Hoc|x86.Build.0 = Release|Any CPU
		{7F5B6CDB-C7F5-4939-ABD4-1FF5AB70A733}.Ad-Hoc|x86.Deploy.0 = Release|Any CPU
		{7F5B6CDB-C7F5-4939-ABD4-1FF5AB70A733}.AppStore|Any CPU.ActiveCfg = Release|Any CPU
		{7F5B6CDB-C7F5-4939-ABD4-1FF5AB70A733}.AppStore|Any CPU.Build.0 = Release|Any CPU
		{7F5B6CDB-C7F5-4939-ABD4-1FF5AB70A733}.AppStore|Any CPU.Deploy.0 = Release|Any CPU
		{7F5B6CDB-C7F5-4939-ABD4-1FF5AB70A733}.AppStore|ARM.ActiveCfg = Release|Any CPU
		{7F5B6CDB-C7F5-4939-ABD4-1FF5AB70A733}.AppStore|ARM.Build.0 = Release|Any CPU
		{7F5B6CDB-C7F5-4939-ABD4-1FF5AB70A733}.AppStore|ARM.Deploy.0 = Release|Any CPU
		{7F5B6CDB-C7F5-4939-ABD4-1FF5AB70A733}.AppStore|iPhone.ActiveCfg = Release|Any CPU
		{7F5B6CDB-C7F5-4939-ABD4-1FF5AB70A733}.AppStore|iPhone.Build.0 = Release|Any CPU
		{7F5B6CDB-C7F5-4939-ABD4-1FF5AB70A733}.AppStore|iPhone.Deploy.0 = Release|Any CPU
		{7F5B6CDB-C7F5-4939-ABD4-1FF5AB70A733}.AppStore|iPhoneSimulator.ActiveCfg = Release|Any CPU
		{7F5B6CDB-C7F5-4939-ABD4-1FF5AB70A733}.AppStore|iPhoneSimulator.Build.0 = Release|Any CPU
		{7F5B6CDB-C7F5-4939-ABD4-1FF5AB70A733}.AppStore|iPhoneSimulator.Deploy.0 = Release|Any CPU
		{7F5B6CDB-C7F5-4939-ABD4-1FF5AB70A733}.AppStore|x64.ActiveCfg = Release|Any CPU
		{7F5B6CDB-C7F5-4939-ABD4-1FF5AB70A733}.AppStore|x64.Build.0 = Release|Any CPU
		{7F5B6CDB-C7F5-4939-ABD4-1FF5AB70A733}.AppStore|x64.Deploy.0 = Release|Any CPU
		{7F5B6CDB-C7F5-4939-ABD4-1FF5AB70A733}.AppStore|x86.ActiveCfg = Release|Any CPU
		{7F5B6CDB-C7F5-4939-ABD4-1FF5AB70A733}.AppStore|x86.Build.0 = Release|Any CPU
		{7F5B6CDB-C7F5-4939-ABD4-1FF5AB70A733}.AppStore|x86.Deploy.0 = Release|Any CPU
		{7F5B6CDB-C7F5-4939-ABD4-1FF5AB70A733}.Debug|Any CPU.ActiveCfg = Debug|Any CPU
		{7F5B6CDB-C7F5-4939-ABD4-1FF5AB70A733}.Debug|ARM.ActiveCfg = Debug|Any CPU
		{7F5B6CDB-C7F5-4939-ABD4-1FF5AB70A733}.Debug|ARM.Build.0 = Debug|Any CPU
		{7F5B6CDB-C7F5-4939-ABD4-1FF5AB70A733}.Debug|ARM.Deploy.0 = Debug|Any CPU
		{7F5B6CDB-C7F5-4939-ABD4-1FF5AB70A733}.Debug|iPhone.ActiveCfg = Debug|Any CPU
		{7F5B6CDB-C7F5-4939-ABD4-1FF5AB70A733}.Debug|iPhoneSimulator.ActiveCfg = Debug|Any CPU
		{7F5B6CDB-C7F5-4939-ABD4-1FF5AB70A733}.Debug|x64.ActiveCfg = Debug|Any CPU
		{7F5B6CDB-C7F5-4939-ABD4-1FF5AB70A733}.Debug|x86.ActiveCfg = Debug|Any CPU
		{7F5B6CDB-C7F5-4939-ABD4-1FF5AB70A733}.Release|Any CPU.ActiveCfg = Release|Any CPU
		{7F5B6CDB-C7F5-4939-ABD4-1FF5AB70A733}.Release|Any CPU.Build.0 = Release|Any CPU
		{7F5B6CDB-C7F5-4939-ABD4-1FF5AB70A733}.Release|Any CPU.Deploy.0 = Release|Any CPU
		{7F5B6CDB-C7F5-4939-ABD4-1FF5AB70A733}.Release|ARM.ActiveCfg = Release|Any CPU
		{7F5B6CDB-C7F5-4939-ABD4-1FF5AB70A733}.Release|ARM.Build.0 = Release|Any CPU
		{7F5B6CDB-C7F5-4939-ABD4-1FF5AB70A733}.Release|ARM.Deploy.0 = Release|Any CPU
		{7F5B6CDB-C7F5-4939-ABD4-1FF5AB70A733}.Release|iPhone.ActiveCfg = Release|Any CPU
		{7F5B6CDB-C7F5-4939-ABD4-1FF5AB70A733}.Release|iPhone.Build.0 = Release|Any CPU
		{7F5B6CDB-C7F5-4939-ABD4-1FF5AB70A733}.Release|iPhone.Deploy.0 = Release|Any CPU
		{7F5B6CDB-C7F5-4939-ABD4-1FF5AB70A733}.Release|iPhoneSimulator.ActiveCfg = Release|Any CPU
		{7F5B6CDB-C7F5-4939-ABD4-1FF5AB70A733}.Release|iPhoneSimulator.Build.0 = Release|Any CPU
		{7F5B6CDB-C7F5-4939-ABD4-1FF5AB70A733}.Release|iPhoneSimulator.Deploy.0 = Release|Any CPU
		{7F5B6CDB-C7F5-4939-ABD4-1FF5AB70A733}.Release|x64.ActiveCfg = Release|Any CPU
		{7F5B6CDB-C7F5-4939-ABD4-1FF5AB70A733}.Release|x64.Build.0 = Release|Any CPU
		{7F5B6CDB-C7F5-4939-ABD4-1FF5AB70A733}.Release|x64.Deploy.0 = Release|Any CPU
		{7F5B6CDB-C7F5-4939-ABD4-1FF5AB70A733}.Release|x86.ActiveCfg = Release|Any CPU
		{7F5B6CDB-C7F5-4939-ABD4-1FF5AB70A733}.Release|x86.Build.0 = Release|Any CPU
		{7F5B6CDB-C7F5-4939-ABD4-1FF5AB70A733}.Release|x86.Deploy.0 = Release|Any CPU
		{9F49C453-7659-465C-ABA2-3D1D11002234}.Ad-Hoc|Any CPU.ActiveCfg = Ad-Hoc|iPhone
		{9F49C453-7659-465C-ABA2-3D1D11002234}.Ad-Hoc|ARM.ActiveCfg = Ad-Hoc|iPhone
		{9F49C453-7659-465C-ABA2-3D1D11002234}.Ad-Hoc|iPhone.ActiveCfg = Ad-Hoc|iPhone
		{9F49C453-7659-465C-ABA2-3D1D11002234}.Ad-Hoc|iPhone.Build.0 = Ad-Hoc|iPhone
		{9F49C453-7659-465C-ABA2-3D1D11002234}.Ad-Hoc|iPhoneSimulator.ActiveCfg = Ad-Hoc|iPhoneSimulator
		{9F49C453-7659-465C-ABA2-3D1D11002234}.Ad-Hoc|iPhoneSimulator.Build.0 = Ad-Hoc|iPhoneSimulator
		{9F49C453-7659-465C-ABA2-3D1D11002234}.Ad-Hoc|x64.ActiveCfg = Ad-Hoc|iPhone
		{9F49C453-7659-465C-ABA2-3D1D11002234}.Ad-Hoc|x86.ActiveCfg = Ad-Hoc|iPhone
		{9F49C453-7659-465C-ABA2-3D1D11002234}.AppStore|Any CPU.ActiveCfg = AppStore|iPhone
		{9F49C453-7659-465C-ABA2-3D1D11002234}.AppStore|ARM.ActiveCfg = AppStore|iPhone
		{9F49C453-7659-465C-ABA2-3D1D11002234}.AppStore|iPhone.ActiveCfg = AppStore|iPhone
		{9F49C453-7659-465C-ABA2-3D1D11002234}.AppStore|iPhone.Build.0 = AppStore|iPhone
		{9F49C453-7659-465C-ABA2-3D1D11002234}.AppStore|iPhoneSimulator.ActiveCfg = AppStore|iPhoneSimulator
		{9F49C453-7659-465C-ABA2-3D1D11002234}.AppStore|iPhoneSimulator.Build.0 = AppStore|iPhoneSimulator
		{9F49C453-7659-465C-ABA2-3D1D11002234}.AppStore|x64.ActiveCfg = AppStore|iPhone
		{9F49C453-7659-465C-ABA2-3D1D11002234}.AppStore|x86.ActiveCfg = AppStore|iPhone
		{9F49C453-7659-465C-ABA2-3D1D11002234}.Debug|Any CPU.ActiveCfg = Debug|iPhone
		{9F49C453-7659-465C-ABA2-3D1D11002234}.Debug|ARM.ActiveCfg = Debug|iPhone
		{9F49C453-7659-465C-ABA2-3D1D11002234}.Debug|iPhone.ActiveCfg = Debug|iPhone
		{9F49C453-7659-465C-ABA2-3D1D11002234}.Debug|iPhone.Build.0 = Debug|iPhone
		{9F49C453-7659-465C-ABA2-3D1D11002234}.Debug|iPhoneSimulator.ActiveCfg = Debug|iPhoneSimulator
		{9F49C453-7659-465C-ABA2-3D1D11002234}.Debug|iPhoneSimulator.Build.0 = Debug|iPhoneSimulator
		{9F49C453-7659-465C-ABA2-3D1D11002234}.Debug|x64.ActiveCfg = Debug|iPhone
		{9F49C453-7659-465C-ABA2-3D1D11002234}.Debug|x86.ActiveCfg = Debug|iPhone
		{9F49C453-7659-465C-ABA2-3D1D11002234}.Release|Any CPU.ActiveCfg = Release|iPhone
		{9F49C453-7659-465C-ABA2-3D1D11002234}.Release|ARM.ActiveCfg = Release|iPhone
		{9F49C453-7659-465C-ABA2-3D1D11002234}.Release|iPhone.ActiveCfg = Release|iPhone
		{9F49C453-7659-465C-ABA2-3D1D11002234}.Release|iPhone.Build.0 = Release|iPhone
		{9F49C453-7659-465C-ABA2-3D1D11002234}.Release|iPhoneSimulator.ActiveCfg = Release|iPhoneSimulator
		{9F49C453-7659-465C-ABA2-3D1D11002234}.Release|iPhoneSimulator.Build.0 = Release|iPhoneSimulator
		{9F49C453-7659-465C-ABA2-3D1D11002234}.Release|x64.ActiveCfg = Release|iPhone
		{9F49C453-7659-465C-ABA2-3D1D11002234}.Release|x86.ActiveCfg = Release|iPhone
		{1DE6430A-011C-45BC-9316-B27CD9E62B6C}.Ad-Hoc|Any CPU.ActiveCfg = Release|x86
		{1DE6430A-011C-45BC-9316-B27CD9E62B6C}.Ad-Hoc|Any CPU.Build.0 = Release|x86
		{1DE6430A-011C-45BC-9316-B27CD9E62B6C}.Ad-Hoc|Any CPU.Deploy.0 = Release|x86
		{1DE6430A-011C-45BC-9316-B27CD9E62B6C}.Ad-Hoc|ARM.ActiveCfg = Release|ARM
		{1DE6430A-011C-45BC-9316-B27CD9E62B6C}.Ad-Hoc|ARM.Build.0 = Release|ARM
		{1DE6430A-011C-45BC-9316-B27CD9E62B6C}.Ad-Hoc|ARM.Deploy.0 = Release|ARM
		{1DE6430A-011C-45BC-9316-B27CD9E62B6C}.Ad-Hoc|iPhone.ActiveCfg = Release|x86
		{1DE6430A-011C-45BC-9316-B27CD9E62B6C}.Ad-Hoc|iPhone.Build.0 = Release|x86
		{1DE6430A-011C-45BC-9316-B27CD9E62B6C}.Ad-Hoc|iPhone.Deploy.0 = Release|x86
		{1DE6430A-011C-45BC-9316-B27CD9E62B6C}.Ad-Hoc|iPhoneSimulator.ActiveCfg = Release|x86
		{1DE6430A-011C-45BC-9316-B27CD9E62B6C}.Ad-Hoc|iPhoneSimulator.Build.0 = Release|x86
		{1DE6430A-011C-45BC-9316-B27CD9E62B6C}.Ad-Hoc|iPhoneSimulator.Deploy.0 = Release|x86
		{1DE6430A-011C-45BC-9316-B27CD9E62B6C}.Ad-Hoc|x64.ActiveCfg = Release|x64
		{1DE6430A-011C-45BC-9316-B27CD9E62B6C}.Ad-Hoc|x64.Build.0 = Release|x64
		{1DE6430A-011C-45BC-9316-B27CD9E62B6C}.Ad-Hoc|x64.Deploy.0 = Release|x64
		{1DE6430A-011C-45BC-9316-B27CD9E62B6C}.Ad-Hoc|x86.ActiveCfg = Release|x86
		{1DE6430A-011C-45BC-9316-B27CD9E62B6C}.Ad-Hoc|x86.Build.0 = Release|x86
		{1DE6430A-011C-45BC-9316-B27CD9E62B6C}.Ad-Hoc|x86.Deploy.0 = Release|x86
		{1DE6430A-011C-45BC-9316-B27CD9E62B6C}.AppStore|Any CPU.ActiveCfg = Release|x86
		{1DE6430A-011C-45BC-9316-B27CD9E62B6C}.AppStore|Any CPU.Build.0 = Release|x86
		{1DE6430A-011C-45BC-9316-B27CD9E62B6C}.AppStore|Any CPU.Deploy.0 = Release|x86
		{1DE6430A-011C-45BC-9316-B27CD9E62B6C}.AppStore|ARM.ActiveCfg = Release|ARM
		{1DE6430A-011C-45BC-9316-B27CD9E62B6C}.AppStore|ARM.Build.0 = Release|ARM
		{1DE6430A-011C-45BC-9316-B27CD9E62B6C}.AppStore|ARM.Deploy.0 = Release|ARM
		{1DE6430A-011C-45BC-9316-B27CD9E62B6C}.AppStore|iPhone.ActiveCfg = Release|x86
		{1DE6430A-011C-45BC-9316-B27CD9E62B6C}.AppStore|iPhone.Build.0 = Release|x86
		{1DE6430A-011C-45BC-9316-B27CD9E62B6C}.AppStore|iPhone.Deploy.0 = Release|x86
		{1DE6430A-011C-45BC-9316-B27CD9E62B6C}.AppStore|iPhoneSimulator.ActiveCfg = Release|x86
		{1DE6430A-011C-45BC-9316-B27CD9E62B6C}.AppStore|iPhoneSimulator.Build.0 = Release|x86
		{1DE6430A-011C-45BC-9316-B27CD9E62B6C}.AppStore|iPhoneSimulator.Deploy.0 = Release|x86
		{1DE6430A-011C-45BC-9316-B27CD9E62B6C}.AppStore|x64.ActiveCfg = Release|x64
		{1DE6430A-011C-45BC-9316-B27CD9E62B6C}.AppStore|x64.Build.0 = Release|x64
		{1DE6430A-011C-45BC-9316-B27CD9E62B6C}.AppStore|x64.Deploy.0 = Release|x64
		{1DE6430A-011C-45BC-9316-B27CD9E62B6C}.AppStore|x86.ActiveCfg = Release|x86
		{1DE6430A-011C-45BC-9316-B27CD9E62B6C}.AppStore|x86.Build.0 = Release|x86
		{1DE6430A-011C-45BC-9316-B27CD9E62B6C}.AppStore|x86.Deploy.0 = Release|x86
		{1DE6430A-011C-45BC-9316-B27CD9E62B6C}.Debug|Any CPU.ActiveCfg = Debug|x86
		{1DE6430A-011C-45BC-9316-B27CD9E62B6C}.Debug|Any CPU.Build.0 = Debug|x86
		{1DE6430A-011C-45BC-9316-B27CD9E62B6C}.Debug|Any CPU.Deploy.0 = Debug|x86
		{1DE6430A-011C-45BC-9316-B27CD9E62B6C}.Debug|ARM.ActiveCfg = Debug|ARM
		{1DE6430A-011C-45BC-9316-B27CD9E62B6C}.Debug|iPhone.ActiveCfg = Debug|x86
		{1DE6430A-011C-45BC-9316-B27CD9E62B6C}.Debug|iPhoneSimulator.ActiveCfg = Debug|x86
		{1DE6430A-011C-45BC-9316-B27CD9E62B6C}.Debug|x64.ActiveCfg = Debug|x64
		{1DE6430A-011C-45BC-9316-B27CD9E62B6C}.Debug|x64.Build.0 = Debug|x64
		{1DE6430A-011C-45BC-9316-B27CD9E62B6C}.Debug|x64.Deploy.0 = Debug|x64
		{1DE6430A-011C-45BC-9316-B27CD9E62B6C}.Debug|x86.ActiveCfg = Debug|x86
		{1DE6430A-011C-45BC-9316-B27CD9E62B6C}.Debug|x86.Build.0 = Debug|x86
		{1DE6430A-011C-45BC-9316-B27CD9E62B6C}.Debug|x86.Deploy.0 = Debug|x86
		{1DE6430A-011C-45BC-9316-B27CD9E62B6C}.Release|Any CPU.ActiveCfg = Release|x86
		{1DE6430A-011C-45BC-9316-B27CD9E62B6C}.Release|ARM.ActiveCfg = Release|ARM
		{1DE6430A-011C-45BC-9316-B27CD9E62B6C}.Release|ARM.Build.0 = Release|ARM
		{1DE6430A-011C-45BC-9316-B27CD9E62B6C}.Release|ARM.Deploy.0 = Release|ARM
		{1DE6430A-011C-45BC-9316-B27CD9E62B6C}.Release|iPhone.ActiveCfg = Release|x86
		{1DE6430A-011C-45BC-9316-B27CD9E62B6C}.Release|iPhoneSimulator.ActiveCfg = Release|x86
		{1DE6430A-011C-45BC-9316-B27CD9E62B6C}.Release|x64.ActiveCfg = Release|x64
		{1DE6430A-011C-45BC-9316-B27CD9E62B6C}.Release|x64.Build.0 = Release|x64
		{1DE6430A-011C-45BC-9316-B27CD9E62B6C}.Release|x64.Deploy.0 = Release|x64
		{1DE6430A-011C-45BC-9316-B27CD9E62B6C}.Release|x86.ActiveCfg = Release|x86
		{1DE6430A-011C-45BC-9316-B27CD9E62B6C}.Release|x86.Build.0 = Release|x86
		{1DE6430A-011C-45BC-9316-B27CD9E62B6C}.Release|x86.Deploy.0 = Release|x86
	EndGlobalSection
	GlobalSection(SolutionProperties) = preSolution
		HideSolutionNode = FALSE
	EndGlobalSection
EndGlobal
