
Microsoft Visual Studio Solution File, Format Version 12.00
# Visual Studio 14
VisualStudioVersion = 14.0.25420.1
MinimumVisualStudioVersion = 10.0.40219.1
Project("{FAE04EC0-301F-11D3-BF4B-00C04F79EFBC}") = "Chapter3", "Chapter3\Chapter3.csproj", "{382E90E8-D63B-4A83-BF71-45F2E9B04CC8}"
EndProject
Project("{FAE04EC0-301F-11D3-BF4B-00C04F79EFBC}") = "TaskList", "TaskList\TaskList\TaskList.csproj", "{33743A73-F1C0-45B6-A18B-9A56343EE640}"
EndProject
Project("{FAE04EC0-301F-11D3-BF4B-00C04F79EFBC}") = "TaskList.Droid", "TaskList\TaskList.Droid\TaskList.Droid.csproj", "{51C1C7A0-DDEC-4532-AE8E-16976859858B}"
EndProject
Project("{FAE04EC0-301F-11D3-BF4B-00C04F79EFBC}") = "TaskList.iOS", "TaskList\TaskList.iOS\TaskList.iOS.csproj", "{A91656FB-B085-47FC-813B-DA476DABA810}"
EndProject
Project("{FAE04EC0-301F-11D3-BF4B-00C04F79EFBC}") = "TaskList.UWP", "TaskList\TaskList.UWP\TaskList.UWP.csproj", "{9D727642-B55A-4592-8A48-BD1C4F2EAE70}"
EndProject
Project("{FAE04EC0-301F-11D3-BF4B-00C04F79EFBC}") = "ComplexTypes", "ComplexTypes\ComplexTypes.csproj", "{E9D880EC-8B7D-4194-9388-88D0A206C971}"
EndProject
Global
	GlobalSection(SolutionConfigurationPlatforms) = preSolution
		Ad-Hoc|Any CPU = Ad-Hoc|Any CPU
		Ad-Hoc|ARM = Ad-Hoc|ARM
		Ad-Hoc|iPhone = Ad-Hoc|iPhone
		Ad-Hoc|iPhoneSimulator = Ad-Hoc|iPhoneSimulator
		Ad-Hoc|x64 = Ad-Hoc|x64
		Ad-Hoc|x86 = Ad-Hoc|x86
		AppStore|Any CPU = AppStore|Any CPU
		AppStore|ARM = AppStore|ARM
		AppStore|iPhone = AppStore|iPhone
		AppStore|iPhoneSimulator = AppStore|iPhoneSimulator
		AppStore|x64 = AppStore|x64
		AppStore|x86 = AppStore|x86
		Debug|Any CPU = Debug|Any CPU
		Debug|ARM = Debug|ARM
		Debug|iPhone = Debug|iPhone
		Debug|iPhoneSimulator = Debug|iPhoneSimulator
		Debug|x64 = Debug|x64
		Debug|x86 = Debug|x86
		Release|Any CPU = Release|Any CPU
		Release|ARM = Release|ARM
		Release|iPhone = Release|iPhone
		Release|iPhoneSimulator = Release|iPhoneSimulator
		Release|x64 = Release|x64
		Release|x86 = Release|x86
	EndGlobalSection
	GlobalSection(ProjectConfigurationPlatforms) = postSolution
		{382E90E8-D63B-4A83-BF71-45F2E9B04CC8}.Ad-Hoc|Any CPU.ActiveCfg = Release|Any CPU
		{382E90E8-D63B-4A83-BF71-45F2E9B04CC8}.Ad-Hoc|Any CPU.Build.0 = Release|Any CPU
		{382E90E8-D63B-4A83-BF71-45F2E9B04CC8}.Ad-Hoc|ARM.ActiveCfg = Release|Any CPU
		{382E90E8-D63B-4A83-BF71-45F2E9B04CC8}.Ad-Hoc|ARM.Build.0 = Release|Any CPU
		{382E90E8-D63B-4A83-BF71-45F2E9B04CC8}.Ad-Hoc|iPhone.ActiveCfg = Release|Any CPU
		{382E90E8-D63B-4A83-BF71-45F2E9B04CC8}.Ad-Hoc|iPhone.Build.0 = Release|Any CPU
		{382E90E8-D63B-4A83-BF71-45F2E9B04CC8}.Ad-Hoc|iPhoneSimulator.ActiveCfg = Release|Any CPU
		{382E90E8-D63B-4A83-BF71-45F2E9B04CC8}.Ad-Hoc|iPhoneSimulator.Build.0 = Release|Any CPU
		{382E90E8-D63B-4A83-BF71-45F2E9B04CC8}.Ad-Hoc|x64.ActiveCfg = Release|Any CPU
		{382E90E8-D63B-4A83-BF71-45F2E9B04CC8}.Ad-Hoc|x64.Build.0 = Release|Any CPU
		{382E90E8-D63B-4A83-BF71-45F2E9B04CC8}.Ad-Hoc|x86.ActiveCfg = Release|Any CPU
		{382E90E8-D63B-4A83-BF71-45F2E9B04CC8}.Ad-Hoc|x86.Build.0 = Release|Any CPU
		{382E90E8-D63B-4A83-BF71-45F2E9B04CC8}.AppStore|Any CPU.ActiveCfg = Release|Any CPU
		{382E90E8-D63B-4A83-BF71-45F2E9B04CC8}.AppStore|Any CPU.Build.0 = Release|Any CPU
		{382E90E8-D63B-4A83-BF71-45F2E9B04CC8}.AppStore|ARM.ActiveCfg = Release|Any CPU
		{382E90E8-D63B-4A83-BF71-45F2E9B04CC8}.AppStore|ARM.Build.0 = Release|Any CPU
		{382E90E8-D63B-4A83-BF71-45F2E9B04CC8}.AppStore|iPhone.ActiveCfg = Release|Any CPU
		{382E90E8-D63B-4A83-BF71-45F2E9B04CC8}.AppStore|iPhone.Build.0 = Release|Any CPU
		{382E90E8-D63B-4A83-BF71-45F2E9B04CC8}.AppStore|iPhoneSimulator.ActiveCfg = Release|Any CPU
		{382E90E8-D63B-4A83-BF71-45F2E9B04CC8}.AppStore|iPhoneSimulator.Build.0 = Release|Any CPU
		{382E90E8-D63B-4A83-BF71-45F2E9B04CC8}.AppStore|x64.ActiveCfg = Release|Any CPU
		{382E90E8-D63B-4A83-BF71-45F2E9B04CC8}.AppStore|x64.Build.0 = Release|Any CPU
		{382E90E8-D63B-4A83-BF71-45F2E9B04CC8}.AppStore|x86.ActiveCfg = Release|Any CPU
		{382E90E8-D63B-4A83-BF71-45F2E9B04CC8}.AppStore|x86.Build.0 = Release|Any CPU
		{382E90E8-D63B-4A83-BF71-45F2E9B04CC8}.Debug|Any CPU.ActiveCfg = Debug|Any CPU
		{382E90E8-D63B-4A83-BF71-45F2E9B04CC8}.Debug|ARM.ActiveCfg = Debug|Any CPU
		{382E90E8-D63B-4A83-BF71-45F2E9B04CC8}.Debug|iPhone.ActiveCfg = Debug|Any CPU
		{382E90E8-D63B-4A83-BF71-45F2E9B04CC8}.Debug|iPhone.Build.0 = Debug|Any CPU
		{382E90E8-D63B-4A83-BF71-45F2E9B04CC8}.Debug|iPhoneSimulator.ActiveCfg = Debug|Any CPU
		{382E90E8-D63B-4A83-BF71-45F2E9B04CC8}.Debug|x64.ActiveCfg = Debug|Any CPU
		{382E90E8-D63B-4A83-BF71-45F2E9B04CC8}.Debug|x64.Build.0 = Debug|Any CPU
		{382E90E8-D63B-4A83-BF71-45F2E9B04CC8}.Debug|x86.ActiveCfg = Debug|Any CPU
		{382E90E8-D63B-4A83-BF71-45F2E9B04CC8}.Debug|x86.Build.0 = Debug|Any CPU
		{382E90E8-D63B-4A83-BF71-45F2E9B04CC8}.Release|Any CPU.ActiveCfg = Release|Any CPU
		{382E90E8-D63B-4A83-BF71-45F2E9B04CC8}.Release|Any CPU.Build.0 = Release|Any CPU
		{382E90E8-D63B-4A83-BF71-45F2E9B04CC8}.Release|ARM.ActiveCfg = Release|Any CPU
		{382E90E8-D63B-4A83-BF71-45F2E9B04CC8}.Release|ARM.Build.0 = Release|Any CPU
		{382E90E8-D63B-4A83-BF71-45F2E9B04CC8}.Release|iPhone.ActiveCfg = Release|Any CPU
		{382E90E8-D63B-4A83-BF71-45F2E9B04CC8}.Release|iPhone.Build.0 = Release|Any CPU
		{382E90E8-D63B-4A83-BF71-45F2E9B04CC8}.Release|iPhoneSimulator.ActiveCfg = Release|Any CPU
		{382E90E8-D63B-4A83-BF71-45F2E9B04CC8}.Release|iPhoneSimulator.Build.0 = Release|Any CPU
		{382E90E8-D63B-4A83-BF71-45F2E9B04CC8}.Release|x64.ActiveCfg = Release|Any CPU
		{382E90E8-D63B-4A83-BF71-45F2E9B04CC8}.Release|x64.Build.0 = Release|Any CPU
		{382E90E8-D63B-4A83-BF71-45F2E9B04CC8}.Release|x86.ActiveCfg = Release|Any CPU
		{382E90E8-D63B-4A83-BF71-45F2E9B04CC8}.Release|x86.Build.0 = Release|Any CPU
		{33743A73-F1C0-45B6-A18B-9A56343EE640}.Ad-Hoc|Any CPU.ActiveCfg = Release|Any CPU
		{33743A73-F1C0-45B6-A18B-9A56343EE640}.Ad-Hoc|Any CPU.Build.0 = Release|Any CPU
		{33743A73-F1C0-45B6-A18B-9A56343EE640}.Ad-Hoc|ARM.ActiveCfg = Release|Any CPU
		{33743A73-F1C0-45B6-A18B-9A56343EE640}.Ad-Hoc|ARM.Build.0 = Release|Any CPU
		{33743A73-F1C0-45B6-A18B-9A56343EE640}.Ad-Hoc|iPhone.ActiveCfg = Release|Any CPU
		{33743A73-F1C0-45B6-A18B-9A56343EE640}.Ad-Hoc|iPhone.Build.0 = Release|Any CPU
		{33743A73-F1C0-45B6-A18B-9A56343EE640}.Ad-Hoc|iPhoneSimulator.ActiveCfg = Release|Any CPU
		{33743A73-F1C0-45B6-A18B-9A56343EE640}.Ad-Hoc|iPhoneSimulator.Build.0 = Release|Any CPU
		{33743A73-F1C0-45B6-A18B-9A56343EE640}.Ad-Hoc|x64.ActiveCfg = Release|Any CPU
		{33743A73-F1C0-45B6-A18B-9A56343EE640}.Ad-Hoc|x64.Build.0 = Release|Any CPU
		{33743A73-F1C0-45B6-A18B-9A56343EE640}.Ad-Hoc|x86.ActiveCfg = Release|Any CPU
		{33743A73-F1C0-45B6-A18B-9A56343EE640}.Ad-Hoc|x86.Build.0 = Release|Any CPU
		{33743A73-F1C0-45B6-A18B-9A56343EE640}.AppStore|Any CPU.ActiveCfg = Release|Any CPU
		{33743A73-F1C0-45B6-A18B-9A56343EE640}.AppStore|Any CPU.Build.0 = Release|Any CPU
		{33743A73-F1C0-45B6-A18B-9A56343EE640}.AppStore|ARM.ActiveCfg = Release|Any CPU
		{33743A73-F1C0-45B6-A18B-9A56343EE640}.AppStore|ARM.Build.0 = Release|Any CPU
		{33743A73-F1C0-45B6-A18B-9A56343EE640}.AppStore|iPhone.ActiveCfg = Release|Any CPU
		{33743A73-F1C0-45B6-A18B-9A56343EE640}.AppStore|iPhone.Build.0 = Release|Any CPU
		{33743A73-F1C0-45B6-A18B-9A56343EE640}.AppStore|iPhoneSimulator.ActiveCfg = Release|Any CPU
		{33743A73-F1C0-45B6-A18B-9A56343EE640}.AppStore|iPhoneSimulator.Build.0 = Release|Any CPU
		{33743A73-F1C0-45B6-A18B-9A56343EE640}.AppStore|x64.ActiveCfg = Release|Any CPU
		{33743A73-F1C0-45B6-A18B-9A56343EE640}.AppStore|x64.Build.0 = Release|Any CPU
		{33743A73-F1C0-45B6-A18B-9A56343EE640}.AppStore|x86.ActiveCfg = Release|Any CPU
		{33743A73-F1C0-45B6-A18B-9A56343EE640}.AppStore|x86.Build.0 = Release|Any CPU
		{33743A73-F1C0-45B6-A18B-9A56343EE640}.Debug|Any CPU.ActiveCfg = Debug|Any CPU
		{33743A73-F1C0-45B6-A18B-9A56343EE640}.Debug|Any CPU.Build.0 = Debug|Any CPU
		{33743A73-F1C0-45B6-A18B-9A56343EE640}.Debug|ARM.ActiveCfg = Debug|Any CPU
		{33743A73-F1C0-45B6-A18B-9A56343EE640}.Debug|iPhone.ActiveCfg = Debug|Any CPU
		{33743A73-F1C0-45B6-A18B-9A56343EE640}.Debug|iPhone.Build.0 = Debug|Any CPU
		{33743A73-F1C0-45B6-A18B-9A56343EE640}.Debug|iPhoneSimulator.ActiveCfg = Debug|Any CPU
		{33743A73-F1C0-45B6-A18B-9A56343EE640}.Debug|iPhoneSimulator.Build.0 = Debug|Any CPU
		{33743A73-F1C0-45B6-A18B-9A56343EE640}.Debug|x64.ActiveCfg = Debug|Any CPU
		{33743A73-F1C0-45B6-A18B-9A56343EE640}.Debug|x64.Build.0 = Debug|Any CPU
		{33743A73-F1C0-45B6-A18B-9A56343EE640}.Debug|x86.ActiveCfg = Debug|Any CPU
		{33743A73-F1C0-45B6-A18B-9A56343EE640}.Debug|x86.Build.0 = Debug|Any CPU
		{33743A73-F1C0-45B6-A18B-9A56343EE640}.Release|Any CPU.ActiveCfg = Release|Any CPU
		{33743A73-F1C0-45B6-A18B-9A56343EE640}.Release|Any CPU.Build.0 = Release|Any CPU
		{33743A73-F1C0-45B6-A18B-9A56343EE640}.Release|ARM.ActiveCfg = Release|Any CPU
		{33743A73-F1C0-45B6-A18B-9A56343EE640}.Release|ARM.Build.0 = Release|Any CPU
		{33743A73-F1C0-45B6-A18B-9A56343EE640}.Release|iPhone.ActiveCfg = Release|Any CPU
		{33743A73-F1C0-45B6-A18B-9A56343EE640}.Release|iPhone.Build.0 = Release|Any CPU
		{33743A73-F1C0-45B6-A18B-9A56343EE640}.Release|iPhoneSimulator.ActiveCfg = Release|Any CPU
		{33743A73-F1C0-45B6-A18B-9A56343EE640}.Release|iPhoneSimulator.Build.0 = Release|Any CPU
		{33743A73-F1C0-45B6-A18B-9A56343EE640}.Release|x64.ActiveCfg = Release|Any CPU
		{33743A73-F1C0-45B6-A18B-9A56343EE640}.Release|x64.Build.0 = Release|Any CPU
		{33743A73-F1C0-45B6-A18B-9A56343EE640}.Release|x86.ActiveCfg = Release|Any CPU
		{33743A73-F1C0-45B6-A18B-9A56343EE640}.Release|x86.Build.0 = Release|Any CPU
		{51C1C7A0-DDEC-4532-AE8E-16976859858B}.Ad-Hoc|Any CPU.ActiveCfg = Release|Any CPU
		{51C1C7A0-DDEC-4532-AE8E-16976859858B}.Ad-Hoc|Any CPU.Build.0 = Release|Any CPU
		{51C1C7A0-DDEC-4532-AE8E-16976859858B}.Ad-Hoc|Any CPU.Deploy.0 = Release|Any CPU
		{51C1C7A0-DDEC-4532-AE8E-16976859858B}.Ad-Hoc|ARM.ActiveCfg = Release|Any CPU
		{51C1C7A0-DDEC-4532-AE8E-16976859858B}.Ad-Hoc|ARM.Build.0 = Release|Any CPU
		{51C1C7A0-DDEC-4532-AE8E-16976859858B}.Ad-Hoc|ARM.Deploy.0 = Release|Any CPU
		{51C1C7A0-DDEC-4532-AE8E-16976859858B}.Ad-Hoc|iPhone.ActiveCfg = Release|Any CPU
		{51C1C7A0-DDEC-4532-AE8E-16976859858B}.Ad-Hoc|iPhone.Build.0 = Release|Any CPU
		{51C1C7A0-DDEC-4532-AE8E-16976859858B}.Ad-Hoc|iPhone.Deploy.0 = Release|Any CPU
		{51C1C7A0-DDEC-4532-AE8E-16976859858B}.Ad-Hoc|iPhoneSimulator.ActiveCfg = Release|Any CPU
		{51C1C7A0-DDEC-4532-AE8E-16976859858B}.Ad-Hoc|iPhoneSimulator.Build.0 = Release|Any CPU
		{51C1C7A0-DDEC-4532-AE8E-16976859858B}.Ad-Hoc|iPhoneSimulator.Deploy.0 = Release|Any CPU
		{51C1C7A0-DDEC-4532-AE8E-16976859858B}.Ad-Hoc|x64.ActiveCfg = Release|Any CPU
		{51C1C7A0-DDEC-4532-AE8E-16976859858B}.Ad-Hoc|x64.Build.0 = Release|Any CPU
		{51C1C7A0-DDEC-4532-AE8E-16976859858B}.Ad-Hoc|x64.Deploy.0 = Release|Any CPU
		{51C1C7A0-DDEC-4532-AE8E-16976859858B}.Ad-Hoc|x86.ActiveCfg = Release|Any CPU
		{51C1C7A0-DDEC-4532-AE8E-16976859858B}.Ad-Hoc|x86.Build.0 = Release|Any CPU
		{51C1C7A0-DDEC-4532-AE8E-16976859858B}.Ad-Hoc|x86.Deploy.0 = Release|Any CPU
		{51C1C7A0-DDEC-4532-AE8E-16976859858B}.AppStore|Any CPU.ActiveCfg = Release|Any CPU
		{51C1C7A0-DDEC-4532-AE8E-16976859858B}.AppStore|Any CPU.Build.0 = Release|Any CPU
		{51C1C7A0-DDEC-4532-AE8E-16976859858B}.AppStore|Any CPU.Deploy.0 = Release|Any CPU
		{51C1C7A0-DDEC-4532-AE8E-16976859858B}.AppStore|ARM.ActiveCfg = Release|Any CPU
		{51C1C7A0-DDEC-4532-AE8E-16976859858B}.AppStore|ARM.Build.0 = Release|Any CPU
		{51C1C7A0-DDEC-4532-AE8E-16976859858B}.AppStore|ARM.Deploy.0 = Release|Any CPU
		{51C1C7A0-DDEC-4532-AE8E-16976859858B}.AppStore|iPhone.ActiveCfg = Release|Any CPU
		{51C1C7A0-DDEC-4532-AE8E-16976859858B}.AppStore|iPhone.Build.0 = Release|Any CPU
		{51C1C7A0-DDEC-4532-AE8E-16976859858B}.AppStore|iPhone.Deploy.0 = Release|Any CPU
		{51C1C7A0-DDEC-4532-AE8E-16976859858B}.AppStore|iPhoneSimulator.ActiveCfg = Release|Any CPU
		{51C1C7A0-DDEC-4532-AE8E-16976859858B}.AppStore|iPhoneSimulator.Build.0 = Release|Any CPU
		{51C1C7A0-DDEC-4532-AE8E-16976859858B}.AppStore|iPhoneSimulator.Deploy.0 = Release|Any CPU
		{51C1C7A0-DDEC-4532-AE8E-16976859858B}.AppStore|x64.ActiveCfg = Release|Any CPU
		{51C1C7A0-DDEC-4532-AE8E-16976859858B}.AppStore|x64.Build.0 = Release|Any CPU
		{51C1C7A0-DDEC-4532-AE8E-16976859858B}.AppStore|x64.Deploy.0 = Release|Any CPU
		{51C1C7A0-DDEC-4532-AE8E-16976859858B}.AppStore|x86.ActiveCfg = Release|Any CPU
		{51C1C7A0-DDEC-4532-AE8E-16976859858B}.AppStore|x86.Build.0 = Release|Any CPU
		{51C1C7A0-DDEC-4532-AE8E-16976859858B}.AppStore|x86.Deploy.0 = Release|Any CPU
		{51C1C7A0-DDEC-4532-AE8E-16976859858B}.Debug|Any CPU.ActiveCfg = Debug|Any CPU
		{51C1C7A0-DDEC-4532-AE8E-16976859858B}.Debug|ARM.ActiveCfg = Debug|Any CPU
		{51C1C7A0-DDEC-4532-AE8E-16976859858B}.Debug|ARM.Build.0 = Debug|Any CPU
		{51C1C7A0-DDEC-4532-AE8E-16976859858B}.Debug|ARM.Deploy.0 = Debug|Any CPU
		{51C1C7A0-DDEC-4532-AE8E-16976859858B}.Debug|iPhone.ActiveCfg = Debug|Any CPU
		{51C1C7A0-DDEC-4532-AE8E-16976859858B}.Debug|iPhone.Build.0 = Debug|Any CPU
		{51C1C7A0-DDEC-4532-AE8E-16976859858B}.Debug|iPhone.Deploy.0 = Debug|Any CPU
		{51C1C7A0-DDEC-4532-AE8E-16976859858B}.Debug|iPhoneSimulator.ActiveCfg = Debug|Any CPU
		{51C1C7A0-DDEC-4532-AE8E-16976859858B}.Debug|x64.ActiveCfg = Debug|Any CPU
		{51C1C7A0-DDEC-4532-AE8E-16976859858B}.Debug|x64.Build.0 = Debug|Any CPU
		{51C1C7A0-DDEC-4532-AE8E-16976859858B}.Debug|x64.Deploy.0 = Debug|Any CPU
		{51C1C7A0-DDEC-4532-AE8E-16976859858B}.Debug|x86.ActiveCfg = Debug|Any CPU
		{51C1C7A0-DDEC-4532-AE8E-16976859858B}.Debug|x86.Build.0 = Debug|Any CPU
		{51C1C7A0-DDEC-4532-AE8E-16976859858B}.Debug|x86.Deploy.0 = Debug|Any CPU
		{51C1C7A0-DDEC-4532-AE8E-16976859858B}.Release|Any CPU.ActiveCfg = Release|Any CPU
		{51C1C7A0-DDEC-4532-AE8E-16976859858B}.Release|Any CPU.Build.0 = Release|Any CPU
		{51C1C7A0-DDEC-4532-AE8E-16976859858B}.Release|Any CPU.Deploy.0 = Release|Any CPU
		{51C1C7A0-DDEC-4532-AE8E-16976859858B}.Release|ARM.ActiveCfg = Release|Any CPU
		{51C1C7A0-DDEC-4532-AE8E-16976859858B}.Release|ARM.Build.0 = Release|Any CPU
		{51C1C7A0-DDEC-4532-AE8E-16976859858B}.Release|ARM.Deploy.0 = Release|Any CPU
		{51C1C7A0-DDEC-4532-AE8E-16976859858B}.Release|iPhone.ActiveCfg = Release|Any CPU
		{51C1C7A0-DDEC-4532-AE8E-16976859858B}.Release|iPhone.Build.0 = Release|Any CPU
		{51C1C7A0-DDEC-4532-AE8E-16976859858B}.Release|iPhone.Deploy.0 = Release|Any CPU
		{51C1C7A0-DDEC-4532-AE8E-16976859858B}.Release|iPhoneSimulator.ActiveCfg = Release|Any CPU
		{51C1C7A0-DDEC-4532-AE8E-16976859858B}.Release|iPhoneSimulator.Build.0 = Release|Any CPU
		{51C1C7A0-DDEC-4532-AE8E-16976859858B}.Release|iPhoneSimulator.Deploy.0 = Release|Any CPU
		{51C1C7A0-DDEC-4532-AE8E-16976859858B}.Release|x64.ActiveCfg = Release|Any CPU
		{51C1C7A0-DDEC-4532-AE8E-16976859858B}.Release|x64.Build.0 = Release|Any CPU
		{51C1C7A0-DDEC-4532-AE8E-16976859858B}.Release|x64.Deploy.0 = Release|Any CPU
		{51C1C7A0-DDEC-4532-AE8E-16976859858B}.Release|x86.ActiveCfg = Release|Any CPU
		{51C1C7A0-DDEC-4532-AE8E-16976859858B}.Release|x86.Build.0 = Release|Any CPU
		{51C1C7A0-DDEC-4532-AE8E-16976859858B}.Release|x86.Deploy.0 = Release|Any CPU
		{A91656FB-B085-47FC-813B-DA476DABA810}.Ad-Hoc|Any CPU.ActiveCfg = Ad-Hoc|iPhone
		{A91656FB-B085-47FC-813B-DA476DABA810}.Ad-Hoc|ARM.ActiveCfg = Ad-Hoc|iPhone
		{A91656FB-B085-47FC-813B-DA476DABA810}.Ad-Hoc|iPhone.ActiveCfg = Ad-Hoc|iPhone
		{A91656FB-B085-47FC-813B-DA476DABA810}.Ad-Hoc|iPhone.Build.0 = Ad-Hoc|iPhone
		{A91656FB-B085-47FC-813B-DA476DABA810}.Ad-Hoc|iPhoneSimulator.ActiveCfg = Ad-Hoc|iPhoneSimulator
		{A91656FB-B085-47FC-813B-DA476DABA810}.Ad-Hoc|iPhoneSimulator.Build.0 = Ad-Hoc|iPhoneSimulator
		{A91656FB-B085-47FC-813B-DA476DABA810}.Ad-Hoc|x64.ActiveCfg = Ad-Hoc|iPhone
		{A91656FB-B085-47FC-813B-DA476DABA810}.Ad-Hoc|x86.ActiveCfg = Ad-Hoc|iPhone
		{A91656FB-B085-47FC-813B-DA476DABA810}.AppStore|Any CPU.ActiveCfg = AppStore|iPhone
		{A91656FB-B085-47FC-813B-DA476DABA810}.AppStore|ARM.ActiveCfg = AppStore|iPhone
		{A91656FB-B085-47FC-813B-DA476DABA810}.AppStore|iPhone.ActiveCfg = AppStore|iPhone
		{A91656FB-B085-47FC-813B-DA476DABA810}.AppStore|iPhone.Build.0 = AppStore|iPhone
		{A91656FB-B085-47FC-813B-DA476DABA810}.AppStore|iPhoneSimulator.ActiveCfg = AppStore|iPhoneSimulator
		{A91656FB-B085-47FC-813B-DA476DABA810}.AppStore|iPhoneSimulator.Build.0 = AppStore|iPhoneSimulator
		{A91656FB-B085-47FC-813B-DA476DABA810}.AppStore|x64.ActiveCfg = AppStore|iPhone
		{A91656FB-B085-47FC-813B-DA476DABA810}.AppStore|x86.ActiveCfg = AppStore|iPhone
		{A91656FB-B085-47FC-813B-DA476DABA810}.Debug|Any CPU.ActiveCfg = Debug|iPhone
		{A91656FB-B085-47FC-813B-DA476DABA810}.Debug|ARM.ActiveCfg = Debug|iPhone
		{A91656FB-B085-47FC-813B-DA476DABA810}.Debug|iPhone.ActiveCfg = Debug|iPhone
		{A91656FB-B085-47FC-813B-DA476DABA810}.Debug|iPhone.Build.0 = Debug|iPhone
		{A91656FB-B085-47FC-813B-DA476DABA810}.Debug|iPhoneSimulator.ActiveCfg = Debug|iPhoneSimulator
		{A91656FB-B085-47FC-813B-DA476DABA810}.Debug|iPhoneSimulator.Build.0 = Debug|iPhoneSimulator
		{A91656FB-B085-47FC-813B-DA476DABA810}.Debug|x64.ActiveCfg = Debug|iPhone
		{A91656FB-B085-47FC-813B-DA476DABA810}.Debug|x86.ActiveCfg = Debug|iPhone
		{A91656FB-B085-47FC-813B-DA476DABA810}.Release|Any CPU.ActiveCfg = Release|iPhone
		{A91656FB-B085-47FC-813B-DA476DABA810}.Release|ARM.ActiveCfg = Release|iPhone
		{A91656FB-B085-47FC-813B-DA476DABA810}.Release|iPhone.ActiveCfg = Release|iPhone
		{A91656FB-B085-47FC-813B-DA476DABA810}.Release|iPhone.Build.0 = Release|iPhone
		{A91656FB-B085-47FC-813B-DA476DABA810}.Release|iPhoneSimulator.ActiveCfg = Release|iPhoneSimulator
		{A91656FB-B085-47FC-813B-DA476DABA810}.Release|iPhoneSimulator.Build.0 = Release|iPhoneSimulator
		{A91656FB-B085-47FC-813B-DA476DABA810}.Release|x64.ActiveCfg = Release|iPhone
		{A91656FB-B085-47FC-813B-DA476DABA810}.Release|x86.ActiveCfg = Release|iPhone
		{9D727642-B55A-4592-8A48-BD1C4F2EAE70}.Ad-Hoc|Any CPU.ActiveCfg = Release|x86
		{9D727642-B55A-4592-8A48-BD1C4F2EAE70}.Ad-Hoc|Any CPU.Build.0 = Release|x86
		{9D727642-B55A-4592-8A48-BD1C4F2EAE70}.Ad-Hoc|Any CPU.Deploy.0 = Release|x86
		{9D727642-B55A-4592-8A48-BD1C4F2EAE70}.Ad-Hoc|ARM.ActiveCfg = Release|ARM
		{9D727642-B55A-4592-8A48-BD1C4F2EAE70}.Ad-Hoc|ARM.Build.0 = Release|ARM
		{9D727642-B55A-4592-8A48-BD1C4F2EAE70}.Ad-Hoc|ARM.Deploy.0 = Release|ARM
		{9D727642-B55A-4592-8A48-BD1C4F2EAE70}.Ad-Hoc|iPhone.ActiveCfg = Release|x86
		{9D727642-B55A-4592-8A48-BD1C4F2EAE70}.Ad-Hoc|iPhone.Build.0 = Release|x86
		{9D727642-B55A-4592-8A48-BD1C4F2EAE70}.Ad-Hoc|iPhone.Deploy.0 = Release|x86
		{9D727642-B55A-4592-8A48-BD1C4F2EAE70}.Ad-Hoc|iPhoneSimulator.ActiveCfg = Release|x86
		{9D727642-B55A-4592-8A48-BD1C4F2EAE70}.Ad-Hoc|iPhoneSimulator.Build.0 = Release|x86
		{9D727642-B55A-4592-8A48-BD1C4F2EAE70}.Ad-Hoc|iPhoneSimulator.Deploy.0 = Release|x86
		{9D727642-B55A-4592-8A48-BD1C4F2EAE70}.Ad-Hoc|x64.ActiveCfg = Release|x64
		{9D727642-B55A-4592-8A48-BD1C4F2EAE70}.Ad-Hoc|x64.Build.0 = Release|x64
		{9D727642-B55A-4592-8A48-BD1C4F2EAE70}.Ad-Hoc|x64.Deploy.0 = Release|x64
		{9D727642-B55A-4592-8A48-BD1C4F2EAE70}.Ad-Hoc|x86.ActiveCfg = Release|x86
		{9D727642-B55A-4592-8A48-BD1C4F2EAE70}.Ad-Hoc|x86.Build.0 = Release|x86
		{9D727642-B55A-4592-8A48-BD1C4F2EAE70}.Ad-Hoc|x86.Deploy.0 = Release|x86
		{9D727642-B55A-4592-8A48-BD1C4F2EAE70}.AppStore|Any CPU.ActiveCfg = Release|x86
		{9D727642-B55A-4592-8A48-BD1C4F2EAE70}.AppStore|Any CPU.Build.0 = Release|x86
		{9D727642-B55A-4592-8A48-BD1C4F2EAE70}.AppStore|Any CPU.Deploy.0 = Release|x86
		{9D727642-B55A-4592-8A48-BD1C4F2EAE70}.AppStore|ARM.ActiveCfg = Release|ARM
		{9D727642-B55A-4592-8A48-BD1C4F2EAE70}.AppStore|ARM.Build.0 = Release|ARM
		{9D727642-B55A-4592-8A48-BD1C4F2EAE70}.AppStore|ARM.Deploy.0 = Release|ARM
		{9D727642-B55A-4592-8A48-BD1C4F2EAE70}.AppStore|iPhone.ActiveCfg = Release|x86
		{9D727642-B55A-4592-8A48-BD1C4F2EAE70}.AppStore|iPhone.Build.0 = Release|x86
		{9D727642-B55A-4592-8A48-BD1C4F2EAE70}.AppStore|iPhone.Deploy.0 = Release|x86
		{9D727642-B55A-4592-8A48-BD1C4F2EAE70}.AppStore|iPhoneSimulator.ActiveCfg = Release|x86
		{9D727642-B55A-4592-8A48-BD1C4F2EAE70}.AppStore|iPhoneSimulator.Build.0 = Release|x86
		{9D727642-B55A-4592-8A48-BD1C4F2EAE70}.AppStore|iPhoneSimulator.Deploy.0 = Release|x86
		{9D727642-B55A-4592-8A48-BD1C4F2EAE70}.AppStore|x64.ActiveCfg = Release|x64
		{9D727642-B55A-4592-8A48-BD1C4F2EAE70}.AppStore|x64.Build.0 = Release|x64
		{9D727642-B55A-4592-8A48-BD1C4F2EAE70}.AppStore|x64.Deploy.0 = Release|x64
		{9D727642-B55A-4592-8A48-BD1C4F2EAE70}.AppStore|x86.ActiveCfg = Release|x86
		{9D727642-B55A-4592-8A48-BD1C4F2EAE70}.AppStore|x86.Build.0 = Release|x86
		{9D727642-B55A-4592-8A48-BD1C4F2EAE70}.AppStore|x86.Deploy.0 = Release|x86
		{9D727642-B55A-4592-8A48-BD1C4F2EAE70}.Debug|Any CPU.ActiveCfg = Debug|x86
		{9D727642-B55A-4592-8A48-BD1C4F2EAE70}.Debug|Any CPU.Build.0 = Debug|x86
		{9D727642-B55A-4592-8A48-BD1C4F2EAE70}.Debug|Any CPU.Deploy.0 = Debug|x86
		{9D727642-B55A-4592-8A48-BD1C4F2EAE70}.Debug|ARM.ActiveCfg = Debug|ARM
		{9D727642-B55A-4592-8A48-BD1C4F2EAE70}.Debug|iPhone.ActiveCfg = Debug|x86
		{9D727642-B55A-4592-8A48-BD1C4F2EAE70}.Debug|iPhoneSimulator.ActiveCfg = Debug|x86
		{9D727642-B55A-4592-8A48-BD1C4F2EAE70}.Debug|x64.ActiveCfg = Debug|x64
		{9D727642-B55A-4592-8A48-BD1C4F2EAE70}.Debug|x64.Build.0 = Debug|x64
		{9D727642-B55A-4592-8A48-BD1C4F2EAE70}.Debug|x64.Deploy.0 = Debug|x64
		{9D727642-B55A-4592-8A48-BD1C4F2EAE70}.Debug|x86.ActiveCfg = Debug|x86
		{9D727642-B55A-4592-8A48-BD1C4F2EAE70}.Debug|x86.Build.0 = Debug|x86
		{9D727642-B55A-4592-8A48-BD1C4F2EAE70}.Debug|x86.Deploy.0 = Debug|x86
		{9D727642-B55A-4592-8A48-BD1C4F2EAE70}.Release|Any CPU.ActiveCfg = Release|x86
		{9D727642-B55A-4592-8A48-BD1C4F2EAE70}.Release|ARM.ActiveCfg = Release|ARM
		{9D727642-B55A-4592-8A48-BD1C4F2EAE70}.Release|ARM.Build.0 = Release|ARM
		{9D727642-B55A-4592-8A48-BD1C4F2EAE70}.Release|ARM.Deploy.0 = Release|ARM
		{9D727642-B55A-4592-8A48-BD1C4F2EAE70}.Release|iPhone.ActiveCfg = Release|x86
		{9D727642-B55A-4592-8A48-BD1C4F2EAE70}.Release|iPhoneSimulator.ActiveCfg = Release|x86
		{9D727642-B55A-4592-8A48-BD1C4F2EAE70}.Release|x64.ActiveCfg = Release|x64
		{9D727642-B55A-4592-8A48-BD1C4F2EAE70}.Release|x64.Build.0 = Release|x64
		{9D727642-B55A-4592-8A48-BD1C4F2EAE70}.Release|x64.Deploy.0 = Release|x64
		{9D727642-B55A-4592-8A48-BD1C4F2EAE70}.Release|x86.ActiveCfg = Release|x86
		{9D727642-B55A-4592-8A48-BD1C4F2EAE70}.Release|x86.Build.0 = Release|x86
		{9D727642-B55A-4592-8A48-BD1C4F2EAE70}.Release|x86.Deploy.0 = Release|x86
		{E9D880EC-8B7D-4194-9388-88D0A206C971}.Ad-Hoc|Any CPU.ActiveCfg = Release|Any CPU
		{E9D880EC-8B7D-4194-9388-88D0A206C971}.Ad-Hoc|Any CPU.Build.0 = Release|Any CPU
		{E9D880EC-8B7D-4194-9388-88D0A206C971}.Ad-Hoc|ARM.ActiveCfg = Release|Any CPU
		{E9D880EC-8B7D-4194-9388-88D0A206C971}.Ad-Hoc|ARM.Build.0 = Release|Any CPU
		{E9D880EC-8B7D-4194-9388-88D0A206C971}.Ad-Hoc|iPhone.ActiveCfg = Release|Any CPU
		{E9D880EC-8B7D-4194-9388-88D0A206C971}.Ad-Hoc|iPhone.Build.0 = Release|Any CPU
		{E9D880EC-8B7D-4194-9388-88D0A206C971}.Ad-Hoc|iPhoneSimulator.ActiveCfg = Release|Any CPU
		{E9D880EC-8B7D-4194-9388-88D0A206C971}.Ad-Hoc|iPhoneSimulator.Build.0 = Release|Any CPU
		{E9D880EC-8B7D-4194-9388-88D0A206C971}.Ad-Hoc|x64.ActiveCfg = Release|Any CPU
		{E9D880EC-8B7D-4194-9388-88D0A206C971}.Ad-Hoc|x64.Build.0 = Release|Any CPU
		{E9D880EC-8B7D-4194-9388-88D0A206C971}.Ad-Hoc|x86.ActiveCfg = Release|Any CPU
		{E9D880EC-8B7D-4194-9388-88D0A206C971}.Ad-Hoc|x86.Build.0 = Release|Any CPU
		{E9D880EC-8B7D-4194-9388-88D0A206C971}.AppStore|Any CPU.ActiveCfg = Release|Any CPU
		{E9D880EC-8B7D-4194-9388-88D0A206C971}.AppStore|Any CPU.Build.0 = Release|Any CPU
		{E9D880EC-8B7D-4194-9388-88D0A206C971}.AppStore|ARM.ActiveCfg = Release|Any CPU
		{E9D880EC-8B7D-4194-9388-88D0A206C971}.AppStore|ARM.Build.0 = Release|Any CPU
		{E9D880EC-8B7D-4194-9388-88D0A206C971}.AppStore|iPhone.ActiveCfg = Release|Any CPU
		{E9D880EC-8B7D-4194-9388-88D0A206C971}.AppStore|iPhone.Build.0 = Release|Any CPU
		{E9D880EC-8B7D-4194-9388-88D0A206C971}.AppStore|iPhoneSimulator.ActiveCfg = Release|Any CPU
		{E9D880EC-8B7D-4194-9388-88D0A206C971}.AppStore|iPhoneSimulator.Build.0 = Release|Any CPU
		{E9D880EC-8B7D-4194-9388-88D0A206C971}.AppStore|x64.ActiveCfg = Release|Any CPU
		{E9D880EC-8B7D-4194-9388-88D0A206C971}.AppStore|x64.Build.0 = Release|Any CPU
		{E9D880EC-8B7D-4194-9388-88D0A206C971}.AppStore|x86.ActiveCfg = Release|Any CPU
		{E9D880EC-8B7D-4194-9388-88D0A206C971}.AppStore|x86.Build.0 = Release|Any CPU
		{E9D880EC-8B7D-4194-9388-88D0A206C971}.Debug|Any CPU.ActiveCfg = Debug|Any CPU
		{E9D880EC-8B7D-4194-9388-88D0A206C971}.Debug|Any CPU.Build.0 = Debug|Any CPU
		{E9D880EC-8B7D-4194-9388-88D0A206C971}.Debug|ARM.ActiveCfg = Debug|Any CPU
		{E9D880EC-8B7D-4194-9388-88D0A206C971}.Debug|ARM.Build.0 = Debug|Any CPU
		{E9D880EC-8B7D-4194-9388-88D0A206C971}.Debug|iPhone.ActiveCfg = Debug|Any CPU
		{E9D880EC-8B7D-4194-9388-88D0A206C971}.Debug|iPhone.Build.0 = Debug|Any CPU
		{E9D880EC-8B7D-4194-9388-88D0A206C971}.Debug|iPhoneSimulator.ActiveCfg = Debug|Any CPU
		{E9D880EC-8B7D-4194-9388-88D0A206C971}.Debug|iPhoneSimulator.Build.0 = Debug|Any CPU
		{E9D880EC-8B7D-4194-9388-88D0A206C971}.Debug|x64.ActiveCfg = Debug|Any CPU
		{E9D880EC-8B7D-4194-9388-88D0A206C971}.Debug|x64.Build.0 = Debug|Any CPU
		{E9D880EC-8B7D-4194-9388-88D0A206C971}.Debug|x86.ActiveCfg = Debug|Any CPU
		{E9D880EC-8B7D-4194-9388-88D0A206C971}.Debug|x86.Build.0 = Debug|Any CPU
		{E9D880EC-8B7D-4194-9388-88D0A206C971}.Release|Any CPU.ActiveCfg = Release|Any CPU
		{E9D880EC-8B7D-4194-9388-88D0A206C971}.Release|Any CPU.Build.0 = Release|Any CPU
		{E9D880EC-8B7D-4194-9388-88D0A206C971}.Release|ARM.ActiveCfg = Release|Any CPU
		{E9D880EC-8B7D-4194-9388-88D0A206C971}.Release|ARM.Build.0 = Release|Any CPU
		{E9D880EC-8B7D-4194-9388-88D0A206C971}.Release|iPhone.ActiveCfg = Release|Any CPU
		{E9D880EC-8B7D-4194-9388-88D0A206C971}.Release|iPhone.Build.0 = Release|Any CPU
		{E9D880EC-8B7D-4194-9388-88D0A206C971}.Release|iPhoneSimulator.ActiveCfg = Release|Any CPU
		{E9D880EC-8B7D-4194-9388-88D0A206C971}.Release|iPhoneSimulator.Build.0 = Release|Any CPU
		{E9D880EC-8B7D-4194-9388-88D0A206C971}.Release|x64.ActiveCfg = Release|Any CPU
		{E9D880EC-8B7D-4194-9388-88D0A206C971}.Release|x64.Build.0 = Release|Any CPU
		{E9D880EC-8B7D-4194-9388-88D0A206C971}.Release|x86.ActiveCfg = Release|Any CPU
		{E9D880EC-8B7D-4194-9388-88D0A206C971}.Release|x86.Build.0 = Release|Any CPU
	EndGlobalSection
	GlobalSection(SolutionProperties) = preSolution
		HideSolutionNode = FALSE
	EndGlobalSection
EndGlobal
