
Microsoft Visual Studio Solution File, Format Version 12.00
# Visual Studio 14
VisualStudioVersion = 14.0.25420.1
MinimumVisualStudioVersion = 10.0.40219.1
Project("{FAE04EC0-301F-11D3-BF4B-00C04F79EFBC}") = "Backend", "Backend\Backend.csproj", "{EE615FD5-847E-49A6-B7D3-60D182F5CD7D}"
EndProject
Global
	GlobalSection(SolutionConfigurationPlatforms) = preSolution
		Ad-Hoc|Any CPU = Ad-Hoc|Any CPU
		Ad-Hoc|iPhone = Ad-Hoc|iPhone
		Ad-Hoc|iPhoneSimulator = Ad-Hoc|iPhoneSimulator
		AppStore|Any CPU = AppStore|Any CPU
		AppStore|iPhone = AppStore|iPhone
		AppStore|iPhoneSimulator = AppStore|iPhoneSimulator
		Debug|Any CPU = Debug|Any CPU
		Debug|iPhone = Debug|iPhone
		Debug|iPhoneSimulator = Debug|iPhoneSimulator
		Release|Any CPU = Release|Any CPU
		Release|iPhone = Release|iPhone
		Release|iPhoneSimulator = Release|iPhoneSimulator
	EndGlobalSection
	GlobalSection(ProjectConfigurationPlatforms) = postSolution
		{EE615FD5-847E-49A6-B7D3-60D182F5CD7D}.Ad-Hoc|Any CPU.ActiveCfg = Release|Any CPU
		{EE615FD5-847E-49A6-B7D3-60D182F5CD7D}.Ad-Hoc|Any CPU.Build.0 = Release|Any CPU
		{EE615FD5-847E-49A6-B7D3-60D182F5CD7D}.Ad-Hoc|iPhone.ActiveCfg = Release|Any CPU
		{EE615FD5-847E-49A6-B7D3-60D182F5CD7D}.Ad-Hoc|iPhone.Build.0 = Release|Any CPU
		{EE615FD5-847E-49A6-B7D3-60D182F5CD7D}.Ad-Hoc|iPhoneSimulator.ActiveCfg = Release|Any CPU
		{EE615FD5-847E-49A6-B7D3-60D182F5CD7D}.Ad-Hoc|iPhoneSimulator.Build.0 = Release|Any CPU
		{EE615FD5-847E-49A6-B7D3-60D182F5CD7D}.AppStore|Any CPU.ActiveCfg = Release|Any CPU
		{EE615FD5-847E-49A6-B7D3-60D182F5CD7D}.AppStore|Any CPU.Build.0 = Release|Any CPU
		{EE615FD5-847E-49A6-B7D3-60D182F5CD7D}.AppStore|iPhone.ActiveCfg = Release|Any CPU
		{EE615FD5-847E-49A6-B7D3-60D182F5CD7D}.AppStore|iPhone.Build.0 = Release|Any CPU
		{EE615FD5-847E-49A6-B7D3-60D182F5CD7D}.AppStore|iPhoneSimulator.ActiveCfg = Release|Any CPU
		{EE615FD5-847E-49A6-B7D3-60D182F5CD7D}.AppStore|iPhoneSimulator.Build.0 = Release|Any CPU
		{EE615FD5-847E-49A6-B7D3-60D182F5CD7D}.Debug|Any CPU.ActiveCfg = Debug|Any CPU
		{EE615FD5-847E-49A6-B7D3-60D182F5CD7D}.Debug|Any CPU.Build.0 = Debug|Any CPU
		{EE615FD5-847E-49A6-B7D3-60D182F5CD7D}.Debug|iPhone.ActiveCfg = Debug|Any CPU
		{EE615FD5-847E-49A6-B7D3-60D182F5CD7D}.Debug|iPhone.Build.0 = Debug|Any CPU
		{EE615FD5-847E-49A6-B7D3-60D182F5CD7D}.Debug|iPhoneSimulator.ActiveCfg = Debug|Any CPU
		{EE615FD5-847E-49A6-B7D3-60D182F5CD7D}.Debug|iPhoneSimulator.Build.0 = Debug|Any CPU
		{EE615FD5-847E-49A6-B7D3-60D182F5CD7D}.Release|Any CPU.ActiveCfg = Release|Any CPU
		{EE615FD5-847E-49A6-B7D3-60D182F5CD7D}.Release|Any CPU.Build.0 = Release|Any CPU
		{EE615FD5-847E-49A6-B7D3-60D182F5CD7D}.Release|iPhone.ActiveCfg = Release|Any CPU
		{EE615FD5-847E-49A6-B7D3-60D182F5CD7D}.Release|iPhone.Build.0 = Release|Any CPU
		{EE615FD5-847E-49A6-B7D3-60D182F5CD7D}.Release|iPhoneSimulator.ActiveCfg = Release|Any CPU
		{EE615FD5-847E-49A6-B7D3-60D182F5CD7D}.Release|iPhoneSimulator.Build.0 = Release|Any CPU
	EndGlobalSection
	GlobalSection(SolutionProperties) = preSolution
		HideSolutionNode = FALSE
	EndGlobalSection
EndGlobal
