
Microsoft Visual Studio Solution File, Format Version 12.00
# Visual Studio 15
VisualStudioVersion = 15.0.26228.4
MinimumVisualStudioVersion = 10.0.40219.1
Project("{FAE04EC0-301F-11D3-BF4B-00C04F79EFBC}") = "Backend", "Backend\Backend.csproj", "{E88C77DF-B55B-402D-865A-C4900B2CA59B}"
EndProject
Project("{D954291E-2A0B-460D-934E-DC6B0785DB48}") = "TodoList", "TodoList\TodoList\TodoList.shproj", "{D3EDB643-047A-4F32-AADF-63AA7A3F9795}"
EndProject
Project("{FAE04EC0-301F-11D3-BF4B-00C04F79EFBC}") = "TodoList.Android", "TodoList\TodoList.Android\TodoList.Android.csproj", "{07B57407-6357-4C3A-915D-1266F7B8409D}"
EndProject
Project("{FAE04EC0-301F-11D3-BF4B-00C04F79EFBC}") = "TodoList.iOS", "TodoList\TodoList.iOS\TodoList.iOS.csproj", "{D7ABD3C6-E7AE-4E74-8662-02E2D6E254DC}"
EndProject
Project("{FAE04EC0-301F-11D3-BF4B-00C04F79EFBC}") = "TodoList.UWP", "TodoList\TodoList.UWP\TodoList.UWP.csproj", "{443BA6F9-DA4D-4A20-BD1A-92CE00064546}"
EndProject
Global
	GlobalSection(SharedMSBuildProjectFiles) = preSolution
		TodoList\TodoList\TodoList.projitems*{07b57407-6357-4c3a-915d-1266f7b8409d}*SharedItemsImports = 4
		TodoList\TodoList\TodoList.projitems*{443ba6f9-da4d-4a20-bd1a-92ce00064546}*SharedItemsImports = 4
		TodoList\TodoList\TodoList.projitems*{d3edb643-047a-4f32-aadf-63aa7a3f9795}*SharedItemsImports = 13
		TodoList\TodoList\TodoList.projitems*{d7abd3c6-e7ae-4e74-8662-02e2d6e254dc}*SharedItemsImports = 4
	EndGlobalSection
	GlobalSection(SolutionConfigurationPlatforms) = preSolution
		Ad-Hoc|Any CPU = Ad-Hoc|Any CPU
		Ad-Hoc|ARM = Ad-Hoc|ARM
		Ad-Hoc|iPhone = Ad-Hoc|iPhone
		Ad-Hoc|iPhoneSimulator = Ad-Hoc|iPhoneSimulator
		Ad-Hoc|x64 = Ad-Hoc|x64
		Ad-Hoc|x86 = Ad-Hoc|x86
		AppStore|Any CPU = AppStore|Any CPU
		AppStore|ARM = AppStore|ARM
		AppStore|iPhone = AppStore|iPhone
		AppStore|iPhoneSimulator = AppStore|iPhoneSimulator
		AppStore|x64 = AppStore|x64
		AppStore|x86 = AppStore|x86
		Debug|Any CPU = Debug|Any CPU
		Debug|ARM = Debug|ARM
		Debug|iPhone = Debug|iPhone
		Debug|iPhoneSimulator = Debug|iPhoneSimulator
		Debug|x64 = Debug|x64
		Debug|x86 = Debug|x86
		Release|Any CPU = Release|Any CPU
		Release|ARM = Release|ARM
		Release|iPhone = Release|iPhone
		Release|iPhoneSimulator = Release|iPhoneSimulator
		Release|x64 = Release|x64
		Release|x86 = Release|x86
	EndGlobalSection
	GlobalSection(ProjectConfigurationPlatforms) = postSolution
		{E88C77DF-B55B-402D-865A-C4900B2CA59B}.Ad-Hoc|Any CPU.ActiveCfg = Release|Any CPU
		{E88C77DF-B55B-402D-865A-C4900B2CA59B}.Ad-Hoc|Any CPU.Build.0 = Release|Any CPU
		{E88C77DF-B55B-402D-865A-C4900B2CA59B}.Ad-Hoc|ARM.ActiveCfg = Release|Any CPU
		{E88C77DF-B55B-402D-865A-C4900B2CA59B}.Ad-Hoc|ARM.Build.0 = Release|Any CPU
		{E88C77DF-B55B-402D-865A-C4900B2CA59B}.Ad-Hoc|iPhone.ActiveCfg = Release|Any CPU
		{E88C77DF-B55B-402D-865A-C4900B2CA59B}.Ad-Hoc|iPhone.Build.0 = Release|Any CPU
		{E88C77DF-B55B-402D-865A-C4900B2CA59B}.Ad-Hoc|iPhoneSimulator.ActiveCfg = Release|Any CPU
		{E88C77DF-B55B-402D-865A-C4900B2CA59B}.Ad-Hoc|iPhoneSimulator.Build.0 = Release|Any CPU
		{E88C77DF-B55B-402D-865A-C4900B2CA59B}.Ad-Hoc|x64.ActiveCfg = Release|Any CPU
		{E88C77DF-B55B-402D-865A-C4900B2CA59B}.Ad-Hoc|x64.Build.0 = Release|Any CPU
		{E88C77DF-B55B-402D-865A-C4900B2CA59B}.Ad-Hoc|x86.ActiveCfg = Release|Any CPU
		{E88C77DF-B55B-402D-865A-C4900B2CA59B}.Ad-Hoc|x86.Build.0 = Release|Any CPU
		{E88C77DF-B55B-402D-865A-C4900B2CA59B}.AppStore|Any CPU.ActiveCfg = Release|Any CPU
		{E88C77DF-B55B-402D-865A-C4900B2CA59B}.AppStore|Any CPU.Build.0 = Release|Any CPU
		{E88C77DF-B55B-402D-865A-C4900B2CA59B}.AppStore|ARM.ActiveCfg = Release|Any CPU
		{E88C77DF-B55B-402D-865A-C4900B2CA59B}.AppStore|ARM.Build.0 = Release|Any CPU
		{E88C77DF-B55B-402D-865A-C4900B2CA59B}.AppStore|iPhone.ActiveCfg = Release|Any CPU
		{E88C77DF-B55B-402D-865A-C4900B2CA59B}.AppStore|iPhone.Build.0 = Release|Any CPU
		{E88C77DF-B55B-402D-865A-C4900B2CA59B}.AppStore|iPhoneSimulator.ActiveCfg = Release|Any CPU
		{E88C77DF-B55B-402D-865A-C4900B2CA59B}.AppStore|iPhoneSimulator.Build.0 = Release|Any CPU
		{E88C77DF-B55B-402D-865A-C4900B2CA59B}.AppStore|x64.ActiveCfg = Release|Any CPU
		{E88C77DF-B55B-402D-865A-C4900B2CA59B}.AppStore|x64.Build.0 = Release|Any CPU
		{E88C77DF-B55B-402D-865A-C4900B2CA59B}.AppStore|x86.ActiveCfg = Release|Any CPU
		{E88C77DF-B55B-402D-865A-C4900B2CA59B}.AppStore|x86.Build.0 = Release|Any CPU
		{E88C77DF-B55B-402D-865A-C4900B2CA59B}.Debug|Any CPU.ActiveCfg = Debug|Any CPU
		{E88C77DF-B55B-402D-865A-C4900B2CA59B}.Debug|ARM.ActiveCfg = Debug|Any CPU
		{E88C77DF-B55B-402D-865A-C4900B2CA59B}.Debug|ARM.Build.0 = Debug|Any CPU
		{E88C77DF-B55B-402D-865A-C4900B2CA59B}.Debug|iPhone.ActiveCfg = Debug|Any CPU
		{E88C77DF-B55B-402D-865A-C4900B2CA59B}.Debug|iPhone.Build.0 = Debug|Any CPU
		{E88C77DF-B55B-402D-865A-C4900B2CA59B}.Debug|iPhoneSimulator.ActiveCfg = Debug|Any CPU
		{E88C77DF-B55B-402D-865A-C4900B2CA59B}.Debug|iPhoneSimulator.Build.0 = Debug|Any CPU
		{E88C77DF-B55B-402D-865A-C4900B2CA59B}.Debug|x64.ActiveCfg = Debug|Any CPU
		{E88C77DF-B55B-402D-865A-C4900B2CA59B}.Debug|x64.Build.0 = Debug|Any CPU
		{E88C77DF-B55B-402D-865A-C4900B2CA59B}.Debug|x86.ActiveCfg = Debug|Any CPU
		{E88C77DF-B55B-402D-865A-C4900B2CA59B}.Debug|x86.Build.0 = Debug|Any CPU
		{E88C77DF-B55B-402D-865A-C4900B2CA59B}.Release|Any CPU.ActiveCfg = Release|Any CPU
		{E88C77DF-B55B-402D-865A-C4900B2CA59B}.Release|Any CPU.Build.0 = Release|Any CPU
		{E88C77DF-B55B-402D-865A-C4900B2CA59B}.Release|ARM.ActiveCfg = Release|Any CPU
		{E88C77DF-B55B-402D-865A-C4900B2CA59B}.Release|ARM.Build.0 = Release|Any CPU
		{E88C77DF-B55B-402D-865A-C4900B2CA59B}.Release|iPhone.ActiveCfg = Release|Any CPU
		{E88C77DF-B55B-402D-865A-C4900B2CA59B}.Release|iPhone.Build.0 = Release|Any CPU
		{E88C77DF-B55B-402D-865A-C4900B2CA59B}.Release|iPhoneSimulator.ActiveCfg = Release|Any CPU
		{E88C77DF-B55B-402D-865A-C4900B2CA59B}.Release|iPhoneSimulator.Build.0 = Release|Any CPU
		{E88C77DF-B55B-402D-865A-C4900B2CA59B}.Release|x64.ActiveCfg = Release|Any CPU
		{E88C77DF-B55B-402D-865A-C4900B2CA59B}.Release|x64.Build.0 = Release|Any CPU
		{E88C77DF-B55B-402D-865A-C4900B2CA59B}.Release|x86.ActiveCfg = Release|Any CPU
		{E88C77DF-B55B-402D-865A-C4900B2CA59B}.Release|x86.Build.0 = Release|Any CPU
		{07B57407-6357-4C3A-915D-1266F7B8409D}.Ad-Hoc|Any CPU.ActiveCfg = Release|Any CPU
		{07B57407-6357-4C3A-915D-1266F7B8409D}.Ad-Hoc|Any CPU.Build.0 = Release|Any CPU
		{07B57407-6357-4C3A-915D-1266F7B8409D}.Ad-Hoc|Any CPU.Deploy.0 = Release|Any CPU
		{07B57407-6357-4C3A-915D-1266F7B8409D}.Ad-Hoc|ARM.ActiveCfg = Release|Any CPU
		{07B57407-6357-4C3A-915D-1266F7B8409D}.Ad-Hoc|ARM.Build.0 = Release|Any CPU
		{07B57407-6357-4C3A-915D-1266F7B8409D}.Ad-Hoc|ARM.Deploy.0 = Release|Any CPU
		{07B57407-6357-4C3A-915D-1266F7B8409D}.Ad-Hoc|iPhone.ActiveCfg = Release|Any CPU
		{07B57407-6357-4C3A-915D-1266F7B8409D}.Ad-Hoc|iPhone.Build.0 = Release|Any CPU
		{07B57407-6357-4C3A-915D-1266F7B8409D}.Ad-Hoc|iPhone.Deploy.0 = Release|Any CPU
		{07B57407-6357-4C3A-915D-1266F7B8409D}.Ad-Hoc|iPhoneSimulator.ActiveCfg = Release|Any CPU
		{07B57407-6357-4C3A-915D-1266F7B8409D}.Ad-Hoc|iPhoneSimulator.Build.0 = Release|Any CPU
		{07B57407-6357-4C3A-915D-1266F7B8409D}.Ad-Hoc|iPhoneSimulator.Deploy.0 = Release|Any CPU
		{07B57407-6357-4C3A-915D-1266F7B8409D}.Ad-Hoc|x64.ActiveCfg = Release|Any CPU
		{07B57407-6357-4C3A-915D-1266F7B8409D}.Ad-Hoc|x64.Build.0 = Release|Any CPU
		{07B57407-6357-4C3A-915D-1266F7B8409D}.Ad-Hoc|x64.Deploy.0 = Release|Any CPU
		{07B57407-6357-4C3A-915D-1266F7B8409D}.Ad-Hoc|x86.ActiveCfg = Release|Any CPU
		{07B57407-6357-4C3A-915D-1266F7B8409D}.Ad-Hoc|x86.Build.0 = Release|Any CPU
		{07B57407-6357-4C3A-915D-1266F7B8409D}.Ad-Hoc|x86.Deploy.0 = Release|Any CPU
		{07B57407-6357-4C3A-915D-1266F7B8409D}.AppStore|Any CPU.ActiveCfg = Release|Any CPU
		{07B57407-6357-4C3A-915D-1266F7B8409D}.AppStore|Any CPU.Build.0 = Release|Any CPU
		{07B57407-6357-4C3A-915D-1266F7B8409D}.AppStore|Any CPU.Deploy.0 = Release|Any CPU
		{07B57407-6357-4C3A-915D-1266F7B8409D}.AppStore|ARM.ActiveCfg = Release|Any CPU
		{07B57407-6357-4C3A-915D-1266F7B8409D}.AppStore|ARM.Build.0 = Release|Any CPU
		{07B57407-6357-4C3A-915D-1266F7B8409D}.AppStore|ARM.Deploy.0 = Release|Any CPU
		{07B57407-6357-4C3A-915D-1266F7B8409D}.AppStore|iPhone.ActiveCfg = Release|Any CPU
		{07B57407-6357-4C3A-915D-1266F7B8409D}.AppStore|iPhone.Build.0 = Release|Any CPU
		{07B57407-6357-4C3A-915D-1266F7B8409D}.AppStore|iPhone.Deploy.0 = Release|Any CPU
		{07B57407-6357-4C3A-915D-1266F7B8409D}.AppStore|iPhoneSimulator.ActiveCfg = Release|Any CPU
		{07B57407-6357-4C3A-915D-1266F7B8409D}.AppStore|iPhoneSimulator.Build.0 = Release|Any CPU
		{07B57407-6357-4C3A-915D-1266F7B8409D}.AppStore|iPhoneSimulator.Deploy.0 = Release|Any CPU
		{07B57407-6357-4C3A-915D-1266F7B8409D}.AppStore|x64.ActiveCfg = Release|Any CPU
		{07B57407-6357-4C3A-915D-1266F7B8409D}.AppStore|x64.Build.0 = Release|Any CPU
		{07B57407-6357-4C3A-915D-1266F7B8409D}.AppStore|x64.Deploy.0 = Release|Any CPU
		{07B57407-6357-4C3A-915D-1266F7B8409D}.AppStore|x86.ActiveCfg = Release|Any CPU
		{07B57407-6357-4C3A-915D-1266F7B8409D}.AppStore|x86.Build.0 = Release|Any CPU
		{07B57407-6357-4C3A-915D-1266F7B8409D}.AppStore|x86.Deploy.0 = Release|Any CPU
		{07B57407-6357-4C3A-915D-1266F7B8409D}.Debug|Any CPU.ActiveCfg = Debug|Any CPU
		{07B57407-6357-4C3A-915D-1266F7B8409D}.Debug|Any CPU.Build.0 = Debug|Any CPU
		{07B57407-6357-4C3A-915D-1266F7B8409D}.Debug|Any CPU.Deploy.0 = Debug|Any CPU
		{07B57407-6357-4C3A-915D-1266F7B8409D}.Debug|ARM.ActiveCfg = Debug|Any CPU
		{07B57407-6357-4C3A-915D-1266F7B8409D}.Debug|ARM.Build.0 = Debug|Any CPU
		{07B57407-6357-4C3A-915D-1266F7B8409D}.Debug|ARM.Deploy.0 = Debug|Any CPU
		{07B57407-6357-4C3A-915D-1266F7B8409D}.Debug|iPhone.ActiveCfg = Debug|Any CPU
		{07B57407-6357-4C3A-915D-1266F7B8409D}.Debug|iPhone.Build.0 = Debug|Any CPU
		{07B57407-6357-4C3A-915D-1266F7B8409D}.Debug|iPhone.Deploy.0 = Debug|Any CPU
		{07B57407-6357-4C3A-915D-1266F7B8409D}.Debug|iPhoneSimulator.ActiveCfg = Debug|Any CPU
		{07B57407-6357-4C3A-915D-1266F7B8409D}.Debug|iPhoneSimulator.Build.0 = Debug|Any CPU
		{07B57407-6357-4C3A-915D-1266F7B8409D}.Debug|iPhoneSimulator.Deploy.0 = Debug|Any CPU
		{07B57407-6357-4C3A-915D-1266F7B8409D}.Debug|x64.ActiveCfg = Debug|Any CPU
		{07B57407-6357-4C3A-915D-1266F7B8409D}.Debug|x64.Build.0 = Debug|Any CPU
		{07B57407-6357-4C3A-915D-1266F7B8409D}.Debug|x64.Deploy.0 = Debug|Any CPU
		{07B57407-6357-4C3A-915D-1266F7B8409D}.Debug|x86.ActiveCfg = Debug|Any CPU
		{07B57407-6357-4C3A-915D-1266F7B8409D}.Debug|x86.Build.0 = Debug|Any CPU
		{07B57407-6357-4C3A-915D-1266F7B8409D}.Debug|x86.Deploy.0 = Debug|Any CPU
		{07B57407-6357-4C3A-915D-1266F7B8409D}.Release|Any CPU.ActiveCfg = Release|Any CPU
		{07B57407-6357-4C3A-915D-1266F7B8409D}.Release|Any CPU.Build.0 = Release|Any CPU
		{07B57407-6357-4C3A-915D-1266F7B8409D}.Release|Any CPU.Deploy.0 = Release|Any CPU
		{07B57407-6357-4C3A-915D-1266F7B8409D}.Release|ARM.ActiveCfg = Release|Any CPU
		{07B57407-6357-4C3A-915D-1266F7B8409D}.Release|ARM.Build.0 = Release|Any CPU
		{07B57407-6357-4C3A-915D-1266F7B8409D}.Release|ARM.Deploy.0 = Release|Any CPU
		{07B57407-6357-4C3A-915D-1266F7B8409D}.Release|iPhone.ActiveCfg = Release|Any CPU
		{07B57407-6357-4C3A-915D-1266F7B8409D}.Release|iPhone.Build.0 = Release|Any CPU
		{07B57407-6357-4C3A-915D-1266F7B8409D}.Release|iPhone.Deploy.0 = Release|Any CPU
		{07B57407-6357-4C3A-915D-1266F7B8409D}.Release|iPhoneSimulator.ActiveCfg = Release|Any CPU
		{07B57407-6357-4C3A-915D-1266F7B8409D}.Release|iPhoneSimulator.Build.0 = Release|Any CPU
		{07B57407-6357-4C3A-915D-1266F7B8409D}.Release|iPhoneSimulator.Deploy.0 = Release|Any CPU
		{07B57407-6357-4C3A-915D-1266F7B8409D}.Release|x64.ActiveCfg = Release|Any CPU
		{07B57407-6357-4C3A-915D-1266F7B8409D}.Release|x64.Build.0 = Release|Any CPU
		{07B57407-6357-4C3A-915D-1266F7B8409D}.Release|x64.Deploy.0 = Release|Any CPU
		{07B57407-6357-4C3A-915D-1266F7B8409D}.Release|x86.ActiveCfg = Release|Any CPU
		{07B57407-6357-4C3A-915D-1266F7B8409D}.Release|x86.Build.0 = Release|Any CPU
		{07B57407-6357-4C3A-915D-1266F7B8409D}.Release|x86.Deploy.0 = Release|Any CPU
		{D7ABD3C6-E7AE-4E74-8662-02E2D6E254DC}.Ad-Hoc|Any CPU.ActiveCfg = Ad-Hoc|iPhone
		{D7ABD3C6-E7AE-4E74-8662-02E2D6E254DC}.Ad-Hoc|ARM.ActiveCfg = Ad-Hoc|iPhone
		{D7ABD3C6-E7AE-4E74-8662-02E2D6E254DC}.Ad-Hoc|iPhone.ActiveCfg = Ad-Hoc|iPhone
		{D7ABD3C6-E7AE-4E74-8662-02E2D6E254DC}.Ad-Hoc|iPhone.Build.0 = Ad-Hoc|iPhone
		{D7ABD3C6-E7AE-4E74-8662-02E2D6E254DC}.Ad-Hoc|iPhoneSimulator.ActiveCfg = Ad-Hoc|iPhoneSimulator
		{D7ABD3C6-E7AE-4E74-8662-02E2D6E254DC}.Ad-Hoc|iPhoneSimulator.Build.0 = Ad-Hoc|iPhoneSimulator
		{D7ABD3C6-E7AE-4E74-8662-02E2D6E254DC}.Ad-Hoc|x64.ActiveCfg = Ad-Hoc|iPhone
		{D7ABD3C6-E7AE-4E74-8662-02E2D6E254DC}.Ad-Hoc|x86.ActiveCfg = Ad-Hoc|iPhone
		{D7ABD3C6-E7AE-4E74-8662-02E2D6E254DC}.AppStore|Any CPU.ActiveCfg = AppStore|iPhone
		{D7ABD3C6-E7AE-4E74-8662-02E2D6E254DC}.AppStore|ARM.ActiveCfg = AppStore|iPhone
		{D7ABD3C6-E7AE-4E74-8662-02E2D6E254DC}.AppStore|iPhone.ActiveCfg = AppStore|iPhone
		{D7ABD3C6-E7AE-4E74-8662-02E2D6E254DC}.AppStore|iPhone.Build.0 = AppStore|iPhone
		{D7ABD3C6-E7AE-4E74-8662-02E2D6E254DC}.AppStore|iPhoneSimulator.ActiveCfg = AppStore|iPhoneSimulator
		{D7ABD3C6-E7AE-4E74-8662-02E2D6E254DC}.AppStore|iPhoneSimulator.Build.0 = AppStore|iPhoneSimulator
		{D7ABD3C6-E7AE-4E74-8662-02E2D6E254DC}.AppStore|x64.ActiveCfg = AppStore|iPhone
		{D7ABD3C6-E7AE-4E74-8662-02E2D6E254DC}.AppStore|x86.ActiveCfg = AppStore|iPhone
		{D7ABD3C6-E7AE-4E74-8662-02E2D6E254DC}.Debug|Any CPU.ActiveCfg = Debug|iPhone
		{D7ABD3C6-E7AE-4E74-8662-02E2D6E254DC}.Debug|ARM.ActiveCfg = Debug|iPhone
		{D7ABD3C6-E7AE-4E74-8662-02E2D6E254DC}.Debug|iPhone.ActiveCfg = Debug|iPhone
		{D7ABD3C6-E7AE-4E74-8662-02E2D6E254DC}.Debug|iPhone.Build.0 = Debug|iPhone
		{D7ABD3C6-E7AE-4E74-8662-02E2D6E254DC}.Debug|iPhoneSimulator.ActiveCfg = Debug|iPhoneSimulator
		{D7ABD3C6-E7AE-4E74-8662-02E2D6E254DC}.Debug|iPhoneSimulator.Build.0 = Debug|iPhoneSimulator
		{D7ABD3C6-E7AE-4E74-8662-02E2D6E254DC}.Debug|x64.ActiveCfg = Debug|iPhone
		{D7ABD3C6-E7AE-4E74-8662-02E2D6E254DC}.Debug|x86.ActiveCfg = Debug|iPhone
		{D7ABD3C6-E7AE-4E74-8662-02E2D6E254DC}.Release|Any CPU.ActiveCfg = Release|iPhone
		{D7ABD3C6-E7AE-4E74-8662-02E2D6E254DC}.Release|ARM.ActiveCfg = Release|iPhone
		{D7ABD3C6-E7AE-4E74-8662-02E2D6E254DC}.Release|iPhone.ActiveCfg = Release|iPhone
		{D7ABD3C6-E7AE-4E74-8662-02E2D6E254DC}.Release|iPhone.Build.0 = Release|iPhone
		{D7ABD3C6-E7AE-4E74-8662-02E2D6E254DC}.Release|iPhoneSimulator.ActiveCfg = Release|iPhoneSimulator
		{D7ABD3C6-E7AE-4E74-8662-02E2D6E254DC}.Release|iPhoneSimulator.Build.0 = Release|iPhoneSimulator
		{D7ABD3C6-E7AE-4E74-8662-02E2D6E254DC}.Release|x64.ActiveCfg = Release|iPhone
		{D7ABD3C6-E7AE-4E74-8662-02E2D6E254DC}.Release|x86.ActiveCfg = Release|iPhone
		{443BA6F9-DA4D-4A20-BD1A-92CE00064546}.Ad-Hoc|Any CPU.ActiveCfg = Release|x86
		{443BA6F9-DA4D-4A20-BD1A-92CE00064546}.Ad-Hoc|Any CPU.Build.0 = Release|x86
		{443BA6F9-DA4D-4A20-BD1A-92CE00064546}.Ad-Hoc|Any CPU.Deploy.0 = Release|x86
		{443BA6F9-DA4D-4A20-BD1A-92CE00064546}.Ad-Hoc|ARM.ActiveCfg = Release|ARM
		{443BA6F9-DA4D-4A20-BD1A-92CE00064546}.Ad-Hoc|ARM.Build.0 = Release|ARM
		{443BA6F9-DA4D-4A20-BD1A-92CE00064546}.Ad-Hoc|ARM.Deploy.0 = Release|ARM
		{443BA6F9-DA4D-4A20-BD1A-92CE00064546}.Ad-Hoc|iPhone.ActiveCfg = Release|x86
		{443BA6F9-DA4D-4A20-BD1A-92CE00064546}.Ad-Hoc|iPhone.Build.0 = Release|x86
		{443BA6F9-DA4D-4A20-BD1A-92CE00064546}.Ad-Hoc|iPhone.Deploy.0 = Release|x86
		{443BA6F9-DA4D-4A20-BD1A-92CE00064546}.Ad-Hoc|iPhoneSimulator.ActiveCfg = Release|x86
		{443BA6F9-DA4D-4A20-BD1A-92CE00064546}.Ad-Hoc|iPhoneSimulator.Build.0 = Release|x86
		{443BA6F9-DA4D-4A20-BD1A-92CE00064546}.Ad-Hoc|iPhoneSimulator.Deploy.0 = Release|x86
		{443BA6F9-DA4D-4A20-BD1A-92CE00064546}.Ad-Hoc|x64.ActiveCfg = Release|x64
		{443BA6F9-DA4D-4A20-BD1A-92CE00064546}.Ad-Hoc|x64.Build.0 = Release|x64
		{443BA6F9-DA4D-4A20-BD1A-92CE00064546}.Ad-Hoc|x64.Deploy.0 = Release|x64
		{443BA6F9-DA4D-4A20-BD1A-92CE00064546}.Ad-Hoc|x86.ActiveCfg = Release|x86
		{443BA6F9-DA4D-4A20-BD1A-92CE00064546}.Ad-Hoc|x86.Build.0 = Release|x86
		{443BA6F9-DA4D-4A20-BD1A-92CE00064546}.Ad-Hoc|x86.Deploy.0 = Release|x86
		{443BA6F9-DA4D-4A20-BD1A-92CE00064546}.AppStore|Any CPU.ActiveCfg = Release|x86
		{443BA6F9-DA4D-4A20-BD1A-92CE00064546}.AppStore|Any CPU.Build.0 = Release|x86
		{443BA6F9-DA4D-4A20-BD1A-92CE00064546}.AppStore|Any CPU.Deploy.0 = Release|x86
		{443BA6F9-DA4D-4A20-BD1A-92CE00064546}.AppStore|ARM.ActiveCfg = Release|ARM
		{443BA6F9-DA4D-4A20-BD1A-92CE00064546}.AppStore|ARM.Build.0 = Release|ARM
		{443BA6F9-DA4D-4A20-BD1A-92CE00064546}.AppStore|ARM.Deploy.0 = Release|ARM
		{443BA6F9-DA4D-4A20-BD1A-92CE00064546}.AppStore|iPhone.ActiveCfg = Release|x86
		{443BA6F9-DA4D-4A20-BD1A-92CE00064546}.AppStore|iPhone.Build.0 = Release|x86
		{443BA6F9-DA4D-4A20-BD1A-92CE00064546}.AppStore|iPhone.Deploy.0 = Release|x86
		{443BA6F9-DA4D-4A20-BD1A-92CE00064546}.AppStore|iPhoneSimulator.ActiveCfg = Release|x86
		{443BA6F9-DA4D-4A20-BD1A-92CE00064546}.AppStore|iPhoneSimulator.Build.0 = Release|x86
		{443BA6F9-DA4D-4A20-BD1A-92CE00064546}.AppStore|iPhoneSimulator.Deploy.0 = Release|x86
		{443BA6F9-DA4D-4A20-BD1A-92CE00064546}.AppStore|x64.ActiveCfg = Release|x64
		{443BA6F9-DA4D-4A20-BD1A-92CE00064546}.AppStore|x64.Build.0 = Release|x64
		{443BA6F9-DA4D-4A20-BD1A-92CE00064546}.AppStore|x64.Deploy.0 = Release|x64
		{443BA6F9-DA4D-4A20-BD1A-92CE00064546}.AppStore|x86.ActiveCfg = Release|x86
		{443BA6F9-DA4D-4A20-BD1A-92CE00064546}.AppStore|x86.Build.0 = Release|x86
		{443BA6F9-DA4D-4A20-BD1A-92CE00064546}.AppStore|x86.Deploy.0 = Release|x86
		{443BA6F9-DA4D-4A20-BD1A-92CE00064546}.Debug|Any CPU.ActiveCfg = Debug|x86
		{443BA6F9-DA4D-4A20-BD1A-92CE00064546}.Debug|ARM.ActiveCfg = Debug|ARM
		{443BA6F9-DA4D-4A20-BD1A-92CE00064546}.Debug|ARM.Build.0 = Debug|ARM
		{443BA6F9-DA4D-4A20-BD1A-92CE00064546}.Debug|ARM.Deploy.0 = Debug|ARM
		{443BA6F9-DA4D-4A20-BD1A-92CE00064546}.Debug|iPhone.ActiveCfg = Debug|x86
		{443BA6F9-DA4D-4A20-BD1A-92CE00064546}.Debug|iPhoneSimulator.ActiveCfg = Debug|x86
		{443BA6F9-DA4D-4A20-BD1A-92CE00064546}.Debug|x64.ActiveCfg = Debug|x64
		{443BA6F9-DA4D-4A20-BD1A-92CE00064546}.Debug|x64.Build.0 = Debug|x64
		{443BA6F9-DA4D-4A20-BD1A-92CE00064546}.Debug|x64.Deploy.0 = Debug|x64
		{443BA6F9-DA4D-4A20-BD1A-92CE00064546}.Debug|x86.ActiveCfg = Debug|x86
		{443BA6F9-DA4D-4A20-BD1A-92CE00064546}.Debug|x86.Build.0 = Debug|x86
		{443BA6F9-DA4D-4A20-BD1A-92CE00064546}.Debug|x86.Deploy.0 = Debug|x86
		{443BA6F9-DA4D-4A20-BD1A-92CE00064546}.Release|Any CPU.ActiveCfg = Release|x86
		{443BA6F9-DA4D-4A20-BD1A-92CE00064546}.Release|ARM.ActiveCfg = Release|ARM
		{443BA6F9-DA4D-4A20-BD1A-92CE00064546}.Release|ARM.Build.0 = Release|ARM
		{443BA6F9-DA4D-4A20-BD1A-92CE00064546}.Release|ARM.Deploy.0 = Release|ARM
		{443BA6F9-DA4D-4A20-BD1A-92CE00064546}.Release|iPhone.ActiveCfg = Release|x86
		{443BA6F9-DA4D-4A20-BD1A-92CE00064546}.Release|iPhoneSimulator.ActiveCfg = Release|x86
		{443BA6F9-DA4D-4A20-BD1A-92CE00064546}.Release|x64.ActiveCfg = Release|x64
		{443BA6F9-DA4D-4A20-BD1A-92CE00064546}.Release|x64.Build.0 = Release|x64
		{443BA6F9-DA4D-4A20-BD1A-92CE00064546}.Release|x64.Deploy.0 = Release|x64
		{443BA6F9-DA4D-4A20-BD1A-92CE00064546}.Release|x86.ActiveCfg = Release|x86
		{443BA6F9-DA4D-4A20-BD1A-92CE00064546}.Release|x86.Build.0 = Release|x86
		{443BA6F9-DA4D-4A20-BD1A-92CE00064546}.Release|x86.Deploy.0 = Release|x86
	EndGlobalSection
	GlobalSection(SolutionProperties) = preSolution
		HideSolutionNode = FALSE
	EndGlobalSection
EndGlobal
