
Microsoft Visual Studio Solution File, Format Version 12.00
# Visual Studio 15
VisualStudioVersion = 15.0.26403.7
MinimumVisualStudioVersion = 10.0.40219.1
Project("{FAE04EC0-301F-11D3-BF4B-00C04F79EFBC}") = "Backend", "Backend\Backend.csproj", "{C0DAE820-7DF1-46C6-85E3-81C95F7253F7}"
EndProject
Project("{D954291E-2A0B-460D-934E-DC6B0785DB48}") = "VideoApp", "VideoApp\VideoApp\VideoApp.shproj", "{637D85CD-19CD-4ECC-8D4C-969A868D44EC}"
EndProject
Project("{FAE04EC0-301F-11D3-BF4B-00C04F79EFBC}") = "VideoApp.Android", "VideoApp\VideoApp.Android\VideoApp.Android.csproj", "{0B1D4F16-8955-4A0D-B49A-B14B4D2DC3B0}"
EndProject
Project("{FAE04EC0-301F-11D3-BF4B-00C04F79EFBC}") = "VideoApp.iOS", "VideoApp\VideoApp.iOS\VideoApp.iOS.csproj", "{5489EBD2-B100-4D9D-B74E-EE82D2BD1CAE}"
EndProject
Project("{FAE04EC0-301F-11D3-BF4B-00C04F79EFBC}") = "VideoApp.UWP", "VideoApp\VideoApp.UWP\VideoApp.UWP.csproj", "{30A3418C-68A2-4DF4-BA9F-F064158BCCAF}"
EndProject
Global
	GlobalSection(SharedMSBuildProjectFiles) = preSolution
		VideoApp\VideoApp\VideoApp.projitems*{0b1d4f16-8955-4a0d-b49a-b14b4d2dc3b0}*SharedItemsImports = 4
		VideoApp\VideoApp\VideoApp.projitems*{30a3418c-68a2-4df4-ba9f-f064158bccaf}*SharedItemsImports = 4
		VideoApp\VideoApp\VideoApp.projitems*{5489ebd2-b100-4d9d-b74e-ee82d2bd1cae}*SharedItemsImports = 4
		VideoApp\VideoApp\VideoApp.projitems*{637d85cd-19cd-4ecc-8d4c-969a868d44ec}*SharedItemsImports = 13
	EndGlobalSection
	GlobalSection(SolutionConfigurationPlatforms) = preSolution
		Ad-Hoc|Any CPU = Ad-Hoc|Any CPU
		Ad-Hoc|ARM = Ad-Hoc|ARM
		Ad-Hoc|iPhone = Ad-Hoc|iPhone
		Ad-Hoc|iPhoneSimulator = Ad-Hoc|iPhoneSimulator
		Ad-Hoc|x64 = Ad-Hoc|x64
		Ad-Hoc|x86 = Ad-Hoc|x86
		AppStore|Any CPU = AppStore|Any CPU
		AppStore|ARM = AppStore|ARM
		AppStore|iPhone = AppStore|iPhone
		AppStore|iPhoneSimulator = AppStore|iPhoneSimulator
		AppStore|x64 = AppStore|x64
		AppStore|x86 = AppStore|x86
		Debug|Any CPU = Debug|Any CPU
		Debug|ARM = Debug|ARM
		Debug|iPhone = Debug|iPhone
		Debug|iPhoneSimulator = Debug|iPhoneSimulator
		Debug|x64 = Debug|x64
		Debug|x86 = Debug|x86
		Release|Any CPU = Release|Any CPU
		Release|ARM = Release|ARM
		Release|iPhone = Release|iPhone
		Release|iPhoneSimulator = Release|iPhoneSimulator
		Release|x64 = Release|x64
		Release|x86 = Release|x86
	EndGlobalSection
	GlobalSection(ProjectConfigurationPlatforms) = postSolution
		{C0DAE820-7DF1-46C6-85E3-81C95F7253F7}.Ad-Hoc|Any CPU.ActiveCfg = Release|Any CPU
		{C0DAE820-7DF1-46C6-85E3-81C95F7253F7}.Ad-Hoc|Any CPU.Build.0 = Release|Any CPU
		{C0DAE820-7DF1-46C6-85E3-81C95F7253F7}.Ad-Hoc|ARM.ActiveCfg = Release|Any CPU
		{C0DAE820-7DF1-46C6-85E3-81C95F7253F7}.Ad-Hoc|ARM.Build.0 = Release|Any CPU
		{C0DAE820-7DF1-46C6-85E3-81C95F7253F7}.Ad-Hoc|iPhone.ActiveCfg = Release|Any CPU
		{C0DAE820-7DF1-46C6-85E3-81C95F7253F7}.Ad-Hoc|iPhone.Build.0 = Release|Any CPU
		{C0DAE820-7DF1-46C6-85E3-81C95F7253F7}.Ad-Hoc|iPhoneSimulator.ActiveCfg = Release|Any CPU
		{C0DAE820-7DF1-46C6-85E3-81C95F7253F7}.Ad-Hoc|iPhoneSimulator.Build.0 = Release|Any CPU
		{C0DAE820-7DF1-46C6-85E3-81C95F7253F7}.Ad-Hoc|x64.ActiveCfg = Release|Any CPU
		{C0DAE820-7DF1-46C6-85E3-81C95F7253F7}.Ad-Hoc|x64.Build.0 = Release|Any CPU
		{C0DAE820-7DF1-46C6-85E3-81C95F7253F7}.Ad-Hoc|x86.ActiveCfg = Release|Any CPU
		{C0DAE820-7DF1-46C6-85E3-81C95F7253F7}.Ad-Hoc|x86.Build.0 = Release|Any CPU
		{C0DAE820-7DF1-46C6-85E3-81C95F7253F7}.AppStore|Any CPU.ActiveCfg = Release|Any CPU
		{C0DAE820-7DF1-46C6-85E3-81C95F7253F7}.AppStore|Any CPU.Build.0 = Release|Any CPU
		{C0DAE820-7DF1-46C6-85E3-81C95F7253F7}.AppStore|ARM.ActiveCfg = Release|Any CPU
		{C0DAE820-7DF1-46C6-85E3-81C95F7253F7}.AppStore|ARM.Build.0 = Release|Any CPU
		{C0DAE820-7DF1-46C6-85E3-81C95F7253F7}.AppStore|iPhone.ActiveCfg = Release|Any CPU
		{C0DAE820-7DF1-46C6-85E3-81C95F7253F7}.AppStore|iPhone.Build.0 = Release|Any CPU
		{C0DAE820-7DF1-46C6-85E3-81C95F7253F7}.AppStore|iPhoneSimulator.ActiveCfg = Release|Any CPU
		{C0DAE820-7DF1-46C6-85E3-81C95F7253F7}.AppStore|iPhoneSimulator.Build.0 = Release|Any CPU
		{C0DAE820-7DF1-46C6-85E3-81C95F7253F7}.AppStore|x64.ActiveCfg = Release|Any CPU
		{C0DAE820-7DF1-46C6-85E3-81C95F7253F7}.AppStore|x64.Build.0 = Release|Any CPU
		{C0DAE820-7DF1-46C6-85E3-81C95F7253F7}.AppStore|x86.ActiveCfg = Release|Any CPU
		{C0DAE820-7DF1-46C6-85E3-81C95F7253F7}.AppStore|x86.Build.0 = Release|Any CPU
		{C0DAE820-7DF1-46C6-85E3-81C95F7253F7}.Debug|Any CPU.ActiveCfg = Debug|Any CPU
		{C0DAE820-7DF1-46C6-85E3-81C95F7253F7}.Debug|ARM.ActiveCfg = Debug|Any CPU
		{C0DAE820-7DF1-46C6-85E3-81C95F7253F7}.Debug|ARM.Build.0 = Debug|Any CPU
		{C0DAE820-7DF1-46C6-85E3-81C95F7253F7}.Debug|iPhone.ActiveCfg = Debug|Any CPU
		{C0DAE820-7DF1-46C6-85E3-81C95F7253F7}.Debug|iPhone.Build.0 = Debug|Any CPU
		{C0DAE820-7DF1-46C6-85E3-81C95F7253F7}.Debug|iPhoneSimulator.ActiveCfg = Debug|Any CPU
		{C0DAE820-7DF1-46C6-85E3-81C95F7253F7}.Debug|iPhoneSimulator.Build.0 = Debug|Any CPU
		{C0DAE820-7DF1-46C6-85E3-81C95F7253F7}.Debug|x64.ActiveCfg = Debug|Any CPU
		{C0DAE820-7DF1-46C6-85E3-81C95F7253F7}.Debug|x64.Build.0 = Debug|Any CPU
		{C0DAE820-7DF1-46C6-85E3-81C95F7253F7}.Debug|x86.ActiveCfg = Debug|Any CPU
		{C0DAE820-7DF1-46C6-85E3-81C95F7253F7}.Release|Any CPU.ActiveCfg = Release|Any CPU
		{C0DAE820-7DF1-46C6-85E3-81C95F7253F7}.Release|Any CPU.Build.0 = Release|Any CPU
		{C0DAE820-7DF1-46C6-85E3-81C95F7253F7}.Release|ARM.ActiveCfg = Release|Any CPU
		{C0DAE820-7DF1-46C6-85E3-81C95F7253F7}.Release|ARM.Build.0 = Release|Any CPU
		{C0DAE820-7DF1-46C6-85E3-81C95F7253F7}.Release|iPhone.ActiveCfg = Release|Any CPU
		{C0DAE820-7DF1-46C6-85E3-81C95F7253F7}.Release|iPhone.Build.0 = Release|Any CPU
		{C0DAE820-7DF1-46C6-85E3-81C95F7253F7}.Release|iPhoneSimulator.ActiveCfg = Release|Any CPU
		{C0DAE820-7DF1-46C6-85E3-81C95F7253F7}.Release|iPhoneSimulator.Build.0 = Release|Any CPU
		{C0DAE820-7DF1-46C6-85E3-81C95F7253F7}.Release|x64.ActiveCfg = Release|Any CPU
		{C0DAE820-7DF1-46C6-85E3-81C95F7253F7}.Release|x64.Build.0 = Release|Any CPU
		{C0DAE820-7DF1-46C6-85E3-81C95F7253F7}.Release|x86.ActiveCfg = Release|Any CPU
		{C0DAE820-7DF1-46C6-85E3-81C95F7253F7}.Release|x86.Build.0 = Release|Any CPU
		{0B1D4F16-8955-4A0D-B49A-B14B4D2DC3B0}.Ad-Hoc|Any CPU.ActiveCfg = Release|Any CPU
		{0B1D4F16-8955-4A0D-B49A-B14B4D2DC3B0}.Ad-Hoc|Any CPU.Build.0 = Release|Any CPU
		{0B1D4F16-8955-4A0D-B49A-B14B4D2DC3B0}.Ad-Hoc|Any CPU.Deploy.0 = Release|Any CPU
		{0B1D4F16-8955-4A0D-B49A-B14B4D2DC3B0}.Ad-Hoc|ARM.ActiveCfg = Release|Any CPU
		{0B1D4F16-8955-4A0D-B49A-B14B4D2DC3B0}.Ad-Hoc|ARM.Build.0 = Release|Any CPU
		{0B1D4F16-8955-4A0D-B49A-B14B4D2DC3B0}.Ad-Hoc|ARM.Deploy.0 = Release|Any CPU
		{0B1D4F16-8955-4A0D-B49A-B14B4D2DC3B0}.Ad-Hoc|iPhone.ActiveCfg = Release|Any CPU
		{0B1D4F16-8955-4A0D-B49A-B14B4D2DC3B0}.Ad-Hoc|iPhone.Build.0 = Release|Any CPU
		{0B1D4F16-8955-4A0D-B49A-B14B4D2DC3B0}.Ad-Hoc|iPhone.Deploy.0 = Release|Any CPU
		{0B1D4F16-8955-4A0D-B49A-B14B4D2DC3B0}.Ad-Hoc|iPhoneSimulator.ActiveCfg = Release|Any CPU
		{0B1D4F16-8955-4A0D-B49A-B14B4D2DC3B0}.Ad-Hoc|iPhoneSimulator.Build.0 = Release|Any CPU
		{0B1D4F16-8955-4A0D-B49A-B14B4D2DC3B0}.Ad-Hoc|iPhoneSimulator.Deploy.0 = Release|Any CPU
		{0B1D4F16-8955-4A0D-B49A-B14B4D2DC3B0}.Ad-Hoc|x64.ActiveCfg = Release|Any CPU
		{0B1D4F16-8955-4A0D-B49A-B14B4D2DC3B0}.Ad-Hoc|x64.Build.0 = Release|Any CPU
		{0B1D4F16-8955-4A0D-B49A-B14B4D2DC3B0}.Ad-Hoc|x64.Deploy.0 = Release|Any CPU
		{0B1D4F16-8955-4A0D-B49A-B14B4D2DC3B0}.Ad-Hoc|x86.ActiveCfg = Release|Any CPU
		{0B1D4F16-8955-4A0D-B49A-B14B4D2DC3B0}.Ad-Hoc|x86.Build.0 = Release|Any CPU
		{0B1D4F16-8955-4A0D-B49A-B14B4D2DC3B0}.Ad-Hoc|x86.Deploy.0 = Release|Any CPU
		{0B1D4F16-8955-4A0D-B49A-B14B4D2DC3B0}.AppStore|Any CPU.ActiveCfg = Release|Any CPU
		{0B1D4F16-8955-4A0D-B49A-B14B4D2DC3B0}.AppStore|Any CPU.Build.0 = Release|Any CPU
		{0B1D4F16-8955-4A0D-B49A-B14B4D2DC3B0}.AppStore|Any CPU.Deploy.0 = Release|Any CPU
		{0B1D4F16-8955-4A0D-B49A-B14B4D2DC3B0}.AppStore|ARM.ActiveCfg = Release|Any CPU
		{0B1D4F16-8955-4A0D-B49A-B14B4D2DC3B0}.AppStore|ARM.Build.0 = Release|Any CPU
		{0B1D4F16-8955-4A0D-B49A-B14B4D2DC3B0}.AppStore|ARM.Deploy.0 = Release|Any CPU
		{0B1D4F16-8955-4A0D-B49A-B14B4D2DC3B0}.AppStore|iPhone.ActiveCfg = Release|Any CPU
		{0B1D4F16-8955-4A0D-B49A-B14B4D2DC3B0}.AppStore|iPhone.Build.0 = Release|Any CPU
		{0B1D4F16-8955-4A0D-B49A-B14B4D2DC3B0}.AppStore|iPhone.Deploy.0 = Release|Any CPU
		{0B1D4F16-8955-4A0D-B49A-B14B4D2DC3B0}.AppStore|iPhoneSimulator.ActiveCfg = Release|Any CPU
		{0B1D4F16-8955-4A0D-B49A-B14B4D2DC3B0}.AppStore|iPhoneSimulator.Build.0 = Release|Any CPU
		{0B1D4F16-8955-4A0D-B49A-B14B4D2DC3B0}.AppStore|iPhoneSimulator.Deploy.0 = Release|Any CPU
		{0B1D4F16-8955-4A0D-B49A-B14B4D2DC3B0}.AppStore|x64.ActiveCfg = Release|Any CPU
		{0B1D4F16-8955-4A0D-B49A-B14B4D2DC3B0}.AppStore|x64.Build.0 = Release|Any CPU
		{0B1D4F16-8955-4A0D-B49A-B14B4D2DC3B0}.AppStore|x64.Deploy.0 = Release|Any CPU
		{0B1D4F16-8955-4A0D-B49A-B14B4D2DC3B0}.AppStore|x86.ActiveCfg = Release|Any CPU
		{0B1D4F16-8955-4A0D-B49A-B14B4D2DC3B0}.AppStore|x86.Build.0 = Release|Any CPU
		{0B1D4F16-8955-4A0D-B49A-B14B4D2DC3B0}.AppStore|x86.Deploy.0 = Release|Any CPU
		{0B1D4F16-8955-4A0D-B49A-B14B4D2DC3B0}.Debug|Any CPU.ActiveCfg = Debug|Any CPU
		{0B1D4F16-8955-4A0D-B49A-B14B4D2DC3B0}.Debug|ARM.ActiveCfg = Debug|Any CPU
		{0B1D4F16-8955-4A0D-B49A-B14B4D2DC3B0}.Debug|ARM.Build.0 = Debug|Any CPU
		{0B1D4F16-8955-4A0D-B49A-B14B4D2DC3B0}.Debug|ARM.Deploy.0 = Debug|Any CPU
		{0B1D4F16-8955-4A0D-B49A-B14B4D2DC3B0}.Debug|iPhone.ActiveCfg = Debug|Any CPU
		{0B1D4F16-8955-4A0D-B49A-B14B4D2DC3B0}.Debug|iPhone.Build.0 = Debug|Any CPU
		{0B1D4F16-8955-4A0D-B49A-B14B4D2DC3B0}.Debug|iPhone.Deploy.0 = Debug|Any CPU
		{0B1D4F16-8955-4A0D-B49A-B14B4D2DC3B0}.Debug|iPhoneSimulator.ActiveCfg = Debug|Any CPU
		{0B1D4F16-8955-4A0D-B49A-B14B4D2DC3B0}.Debug|iPhoneSimulator.Build.0 = Debug|Any CPU
		{0B1D4F16-8955-4A0D-B49A-B14B4D2DC3B0}.Debug|iPhoneSimulator.Deploy.0 = Debug|Any CPU
		{0B1D4F16-8955-4A0D-B49A-B14B4D2DC3B0}.Debug|x64.ActiveCfg = Debug|Any CPU
		{0B1D4F16-8955-4A0D-B49A-B14B4D2DC3B0}.Debug|x64.Build.0 = Debug|Any CPU
		{0B1D4F16-8955-4A0D-B49A-B14B4D2DC3B0}.Debug|x64.Deploy.0 = Debug|Any CPU
		{0B1D4F16-8955-4A0D-B49A-B14B4D2DC3B0}.Debug|x86.ActiveCfg = Debug|Any CPU
		{0B1D4F16-8955-4A0D-B49A-B14B4D2DC3B0}.Release|Any CPU.ActiveCfg = Release|Any CPU
		{0B1D4F16-8955-4A0D-B49A-B14B4D2DC3B0}.Release|Any CPU.Build.0 = Release|Any CPU
		{0B1D4F16-8955-4A0D-B49A-B14B4D2DC3B0}.Release|Any CPU.Deploy.0 = Release|Any CPU
		{0B1D4F16-8955-4A0D-B49A-B14B4D2DC3B0}.Release|ARM.ActiveCfg = Release|Any CPU
		{0B1D4F16-8955-4A0D-B49A-B14B4D2DC3B0}.Release|ARM.Build.0 = Release|Any CPU
		{0B1D4F16-8955-4A0D-B49A-B14B4D2DC3B0}.Release|ARM.Deploy.0 = Release|Any CPU
		{0B1D4F16-8955-4A0D-B49A-B14B4D2DC3B0}.Release|iPhone.ActiveCfg = Release|Any CPU
		{0B1D4F16-8955-4A0D-B49A-B14B4D2DC3B0}.Release|iPhone.Build.0 = Release|Any CPU
		{0B1D4F16-8955-4A0D-B49A-B14B4D2DC3B0}.Release|iPhone.Deploy.0 = Release|Any CPU
		{0B1D4F16-8955-4A0D-B49A-B14B4D2DC3B0}.Release|iPhoneSimulator.ActiveCfg = Release|Any CPU
		{0B1D4F16-8955-4A0D-B49A-B14B4D2DC3B0}.Release|iPhoneSimulator.Build.0 = Release|Any CPU
		{0B1D4F16-8955-4A0D-B49A-B14B4D2DC3B0}.Release|iPhoneSimulator.Deploy.0 = Release|Any CPU
		{0B1D4F16-8955-4A0D-B49A-B14B4D2DC3B0}.Release|x64.ActiveCfg = Release|Any CPU
		{0B1D4F16-8955-4A0D-B49A-B14B4D2DC3B0}.Release|x64.Build.0 = Release|Any CPU
		{0B1D4F16-8955-4A0D-B49A-B14B4D2DC3B0}.Release|x64.Deploy.0 = Release|Any CPU
		{0B1D4F16-8955-4A0D-B49A-B14B4D2DC3B0}.Release|x86.ActiveCfg = Release|Any CPU
		{0B1D4F16-8955-4A0D-B49A-B14B4D2DC3B0}.Release|x86.Build.0 = Release|Any CPU
		{0B1D4F16-8955-4A0D-B49A-B14B4D2DC3B0}.Release|x86.Deploy.0 = Release|Any CPU
		{5489EBD2-B100-4D9D-B74E-EE82D2BD1CAE}.Ad-Hoc|Any CPU.ActiveCfg = Ad-Hoc|iPhone
		{5489EBD2-B100-4D9D-B74E-EE82D2BD1CAE}.Ad-Hoc|ARM.ActiveCfg = Ad-Hoc|iPhone
		{5489EBD2-B100-4D9D-B74E-EE82D2BD1CAE}.Ad-Hoc|iPhone.ActiveCfg = Ad-Hoc|iPhone
		{5489EBD2-B100-4D9D-B74E-EE82D2BD1CAE}.Ad-Hoc|iPhone.Build.0 = Ad-Hoc|iPhone
		{5489EBD2-B100-4D9D-B74E-EE82D2BD1CAE}.Ad-Hoc|iPhoneSimulator.ActiveCfg = Ad-Hoc|iPhoneSimulator
		{5489EBD2-B100-4D9D-B74E-EE82D2BD1CAE}.Ad-Hoc|iPhoneSimulator.Build.0 = Ad-Hoc|iPhoneSimulator
		{5489EBD2-B100-4D9D-B74E-EE82D2BD1CAE}.Ad-Hoc|x64.ActiveCfg = Ad-Hoc|iPhone
		{5489EBD2-B100-4D9D-B74E-EE82D2BD1CAE}.Ad-Hoc|x86.ActiveCfg = Ad-Hoc|iPhone
		{5489EBD2-B100-4D9D-B74E-EE82D2BD1CAE}.AppStore|Any CPU.ActiveCfg = AppStore|iPhone
		{5489EBD2-B100-4D9D-B74E-EE82D2BD1CAE}.AppStore|ARM.ActiveCfg = AppStore|iPhone
		{5489EBD2-B100-4D9D-B74E-EE82D2BD1CAE}.AppStore|iPhone.ActiveCfg = AppStore|iPhone
		{5489EBD2-B100-4D9D-B74E-EE82D2BD1CAE}.AppStore|iPhone.Build.0 = AppStore|iPhone
		{5489EBD2-B100-4D9D-B74E-EE82D2BD1CAE}.AppStore|iPhoneSimulator.ActiveCfg = AppStore|iPhoneSimulator
		{5489EBD2-B100-4D9D-B74E-EE82D2BD1CAE}.AppStore|iPhoneSimulator.Build.0 = AppStore|iPhoneSimulator
		{5489EBD2-B100-4D9D-B74E-EE82D2BD1CAE}.AppStore|x64.ActiveCfg = AppStore|iPhone
		{5489EBD2-B100-4D9D-B74E-EE82D2BD1CAE}.AppStore|x86.ActiveCfg = AppStore|iPhone
		{5489EBD2-B100-4D9D-B74E-EE82D2BD1CAE}.Debug|Any CPU.ActiveCfg = Debug|iPhone
		{5489EBD2-B100-4D9D-B74E-EE82D2BD1CAE}.Debug|ARM.ActiveCfg = Debug|iPhone
		{5489EBD2-B100-4D9D-B74E-EE82D2BD1CAE}.Debug|iPhone.ActiveCfg = Debug|iPhone
		{5489EBD2-B100-4D9D-B74E-EE82D2BD1CAE}.Debug|iPhone.Build.0 = Debug|iPhone
		{5489EBD2-B100-4D9D-B74E-EE82D2BD1CAE}.Debug|iPhoneSimulator.ActiveCfg = Debug|iPhoneSimulator
		{5489EBD2-B100-4D9D-B74E-EE82D2BD1CAE}.Debug|iPhoneSimulator.Build.0 = Debug|iPhoneSimulator
		{5489EBD2-B100-4D9D-B74E-EE82D2BD1CAE}.Debug|x64.ActiveCfg = Debug|iPhone
		{5489EBD2-B100-4D9D-B74E-EE82D2BD1CAE}.Debug|x86.ActiveCfg = Debug|iPhone
		{5489EBD2-B100-4D9D-B74E-EE82D2BD1CAE}.Release|Any CPU.ActiveCfg = Release|iPhone
		{5489EBD2-B100-4D9D-B74E-EE82D2BD1CAE}.Release|ARM.ActiveCfg = Release|iPhone
		{5489EBD2-B100-4D9D-B74E-EE82D2BD1CAE}.Release|iPhone.ActiveCfg = Release|iPhone
		{5489EBD2-B100-4D9D-B74E-EE82D2BD1CAE}.Release|iPhone.Build.0 = Release|iPhone
		{5489EBD2-B100-4D9D-B74E-EE82D2BD1CAE}.Release|iPhoneSimulator.ActiveCfg = Release|iPhoneSimulator
		{5489EBD2-B100-4D9D-B74E-EE82D2BD1CAE}.Release|iPhoneSimulator.Build.0 = Release|iPhoneSimulator
		{5489EBD2-B100-4D9D-B74E-EE82D2BD1CAE}.Release|x64.ActiveCfg = Release|iPhone
		{5489EBD2-B100-4D9D-B74E-EE82D2BD1CAE}.Release|x86.ActiveCfg = Release|iPhone
		{30A3418C-68A2-4DF4-BA9F-F064158BCCAF}.Ad-Hoc|Any CPU.ActiveCfg = Release|x86
		{30A3418C-68A2-4DF4-BA9F-F064158BCCAF}.Ad-Hoc|Any CPU.Build.0 = Release|x86
		{30A3418C-68A2-4DF4-BA9F-F064158BCCAF}.Ad-Hoc|Any CPU.Deploy.0 = Release|x86
		{30A3418C-68A2-4DF4-BA9F-F064158BCCAF}.Ad-Hoc|ARM.ActiveCfg = Release|ARM
		{30A3418C-68A2-4DF4-BA9F-F064158BCCAF}.Ad-Hoc|ARM.Build.0 = Release|ARM
		{30A3418C-68A2-4DF4-BA9F-F064158BCCAF}.Ad-Hoc|ARM.Deploy.0 = Release|ARM
		{30A3418C-68A2-4DF4-BA9F-F064158BCCAF}.Ad-Hoc|iPhone.ActiveCfg = Release|x86
		{30A3418C-68A2-4DF4-BA9F-F064158BCCAF}.Ad-Hoc|iPhone.Build.0 = Release|x86
		{30A3418C-68A2-4DF4-BA9F-F064158BCCAF}.Ad-Hoc|iPhone.Deploy.0 = Release|x86
		{30A3418C-68A2-4DF4-BA9F-F064158BCCAF}.Ad-Hoc|iPhoneSimulator.ActiveCfg = Release|x86
		{30A3418C-68A2-4DF4-BA9F-F064158BCCAF}.Ad-Hoc|iPhoneSimulator.Build.0 = Release|x86
		{30A3418C-68A2-4DF4-BA9F-F064158BCCAF}.Ad-Hoc|iPhoneSimulator.Deploy.0 = Release|x86
		{30A3418C-68A2-4DF4-BA9F-F064158BCCAF}.Ad-Hoc|x64.ActiveCfg = Release|x64
		{30A3418C-68A2-4DF4-BA9F-F064158BCCAF}.Ad-Hoc|x64.Build.0 = Release|x64
		{30A3418C-68A2-4DF4-BA9F-F064158BCCAF}.Ad-Hoc|x64.Deploy.0 = Release|x64
		{30A3418C-68A2-4DF4-BA9F-F064158BCCAF}.Ad-Hoc|x86.ActiveCfg = Release|x86
		{30A3418C-68A2-4DF4-BA9F-F064158BCCAF}.Ad-Hoc|x86.Build.0 = Release|x86
		{30A3418C-68A2-4DF4-BA9F-F064158BCCAF}.Ad-Hoc|x86.Deploy.0 = Release|x86
		{30A3418C-68A2-4DF4-BA9F-F064158BCCAF}.AppStore|Any CPU.ActiveCfg = Release|x86
		{30A3418C-68A2-4DF4-BA9F-F064158BCCAF}.AppStore|Any CPU.Build.0 = Release|x86
		{30A3418C-68A2-4DF4-BA9F-F064158BCCAF}.AppStore|Any CPU.Deploy.0 = Release|x86
		{30A3418C-68A2-4DF4-BA9F-F064158BCCAF}.AppStore|ARM.ActiveCfg = Release|ARM
		{30A3418C-68A2-4DF4-BA9F-F064158BCCAF}.AppStore|ARM.Build.0 = Release|ARM
		{30A3418C-68A2-4DF4-BA9F-F064158BCCAF}.AppStore|ARM.Deploy.0 = Release|ARM
		{30A3418C-68A2-4DF4-BA9F-F064158BCCAF}.AppStore|iPhone.ActiveCfg = Release|x86
		{30A3418C-68A2-4DF4-BA9F-F064158BCCAF}.AppStore|iPhone.Build.0 = Release|x86
		{30A3418C-68A2-4DF4-BA9F-F064158BCCAF}.AppStore|iPhone.Deploy.0 = Release|x86
		{30A3418C-68A2-4DF4-BA9F-F064158BCCAF}.AppStore|iPhoneSimulator.ActiveCfg = Release|x86
		{30A3418C-68A2-4DF4-BA9F-F064158BCCAF}.AppStore|iPhoneSimulator.Build.0 = Release|x86
		{30A3418C-68A2-4DF4-BA9F-F064158BCCAF}.AppStore|iPhoneSimulator.Deploy.0 = Release|x86
		{30A3418C-68A2-4DF4-BA9F-F064158BCCAF}.AppStore|x64.ActiveCfg = Release|x64
		{30A3418C-68A2-4DF4-BA9F-F064158BCCAF}.AppStore|x64.Build.0 = Release|x64
		{30A3418C-68A2-4DF4-BA9F-F064158BCCAF}.AppStore|x64.Deploy.0 = Release|x64
		{30A3418C-68A2-4DF4-BA9F-F064158BCCAF}.AppStore|x86.ActiveCfg = Release|x86
		{30A3418C-68A2-4DF4-BA9F-F064158BCCAF}.AppStore|x86.Build.0 = Release|x86
		{30A3418C-68A2-4DF4-BA9F-F064158BCCAF}.AppStore|x86.Deploy.0 = Release|x86
		{30A3418C-68A2-4DF4-BA9F-F064158BCCAF}.Debug|Any CPU.ActiveCfg = Debug|x86
		{30A3418C-68A2-4DF4-BA9F-F064158BCCAF}.Debug|Any CPU.Build.0 = Debug|x86
		{30A3418C-68A2-4DF4-BA9F-F064158BCCAF}.Debug|Any CPU.Deploy.0 = Debug|x86
		{30A3418C-68A2-4DF4-BA9F-F064158BCCAF}.Debug|ARM.ActiveCfg = Debug|ARM
		{30A3418C-68A2-4DF4-BA9F-F064158BCCAF}.Debug|ARM.Build.0 = Debug|ARM
		{30A3418C-68A2-4DF4-BA9F-F064158BCCAF}.Debug|ARM.Deploy.0 = Debug|ARM
		{30A3418C-68A2-4DF4-BA9F-F064158BCCAF}.Debug|iPhone.ActiveCfg = Debug|x86
		{30A3418C-68A2-4DF4-BA9F-F064158BCCAF}.Debug|iPhoneSimulator.ActiveCfg = Debug|x86
		{30A3418C-68A2-4DF4-BA9F-F064158BCCAF}.Debug|x64.ActiveCfg = Debug|x64
		{30A3418C-68A2-4DF4-BA9F-F064158BCCAF}.Debug|x64.Build.0 = Debug|x64
		{30A3418C-68A2-4DF4-BA9F-F064158BCCAF}.Debug|x64.Deploy.0 = Debug|x64
		{30A3418C-68A2-4DF4-BA9F-F064158BCCAF}.Debug|x86.ActiveCfg = Debug|x86
		{30A3418C-68A2-4DF4-BA9F-F064158BCCAF}.Debug|x86.Build.0 = Debug|x86
		{30A3418C-68A2-4DF4-BA9F-F064158BCCAF}.Debug|x86.Deploy.0 = Debug|x86
		{30A3418C-68A2-4DF4-BA9F-F064158BCCAF}.Release|Any CPU.ActiveCfg = Release|x86
		{30A3418C-68A2-4DF4-BA9F-F064158BCCAF}.Release|ARM.ActiveCfg = Release|ARM
		{30A3418C-68A2-4DF4-BA9F-F064158BCCAF}.Release|ARM.Build.0 = Release|ARM
		{30A3418C-68A2-4DF4-BA9F-F064158BCCAF}.Release|ARM.Deploy.0 = Release|ARM
		{30A3418C-68A2-4DF4-BA9F-F064158BCCAF}.Release|iPhone.ActiveCfg = Release|x86
		{30A3418C-68A2-4DF4-BA9F-F064158BCCAF}.Release|iPhoneSimulator.ActiveCfg = Release|x86
		{30A3418C-68A2-4DF4-BA9F-F064158BCCAF}.Release|x64.ActiveCfg = Release|x64
		{30A3418C-68A2-4DF4-BA9F-F064158BCCAF}.Release|x64.Build.0 = Release|x64
		{30A3418C-68A2-4DF4-BA9F-F064158BCCAF}.Release|x64.Deploy.0 = Release|x64
		{30A3418C-68A2-4DF4-BA9F-F064158BCCAF}.Release|x86.ActiveCfg = Release|x86
		{30A3418C-68A2-4DF4-BA9F-F064158BCCAF}.Release|x86.Build.0 = Release|x86
		{30A3418C-68A2-4DF4-BA9F-F064158BCCAF}.Release|x86.Deploy.0 = Release|x86
	EndGlobalSection
	GlobalSection(SolutionProperties) = preSolution
		HideSolutionNode = FALSE
	EndGlobalSection
EndGlobal
